// !$*UTF8*$!
{
	archiveVersion = 1;
	classes = {
	};
	objectVersion = 46;
	objects = {

/* Begin PBXBuildFile section */
		435893981EF169290093EB5C /* Launch Screen.storyboard in Resources */ = {isa = PBXBuildFile; fileRef = 4358939A1EF169290093EB5C /* Launch Screen.storyboard */; };
		435893AA1EF169F00093EB5C /* Data.framework in Frameworks */ = {isa = PBXBuildFile; fileRef = 435893A11EF169F00093EB5C /* Data.framework */; };
		435893B31EF169F00093EB5C /* Data.h in Headers */ = {isa = PBXBuildFile; fileRef = 435893A31EF169F00093EB5C /* Data.h */; settings = {ATTRIBUTES = (Public, ); }; };
		435893B61EF169F00093EB5C /* Data.framework in Frameworks */ = {isa = PBXBuildFile; fileRef = 435893A11EF169F00093EB5C /* Data.framework */; };
		435893B71EF169F00093EB5C /* Data.framework in Embed Frameworks */ = {isa = PBXBuildFile; fileRef = 435893A11EF169F00093EB5C /* Data.framework */; settings = {ATTRIBUTES = (CodeSignOnCopy, RemoveHeadersOnCopy, ); }; };
		435893BE1EF16A370093EB5C /* Realm.framework in Frameworks */ = {isa = PBXBuildFile; fileRef = CECFBD5A1EDDE67E00B471E7 /* Realm.framework */; };
		435893BF1EF16A3B0093EB5C /* RealmSwift.framework in Frameworks */ = {isa = PBXBuildFile; fileRef = CECFBD5B1EDDE67E00B471E7 /* RealmSwift.framework */; };
		435893C01EF16A3F0093EB5C /* Alamofire.framework in Frameworks */ = {isa = PBXBuildFile; fileRef = CEAEB4981ED1C8F800E5B23B /* Alamofire.framework */; };
		435893C11EF16A460093EB5C /* Unbox.framework in Frameworks */ = {isa = PBXBuildFile; fileRef = CEAEB4991ED1C8F800E5B23B /* Unbox.framework */; };
		435893C21EF16A590093EB5C /* RxSwift.framework in Frameworks */ = {isa = PBXBuildFile; fileRef = CE769CAB1ED1440300CA619F /* RxSwift.framework */; };
		435893C41EF16A830093EB5C /* Quick.framework in CopyFiles */ = {isa = PBXBuildFile; fileRef = 02EDCF811ECF6094000B705B /* Quick.framework */; settings = {ATTRIBUTES = (CodeSignOnCopy, RemoveHeadersOnCopy, ); }; };
		435893C51EF16A880093EB5C /* Nimble.framework in CopyFiles */ = {isa = PBXBuildFile; fileRef = 02EDCF7F1ECF608E000B705B /* Nimble.framework */; settings = {ATTRIBUTES = (CodeSignOnCopy, RemoveHeadersOnCopy, ); }; };
		435893CE1EF16B140093EB5C /* APIClient.swift in Sources */ = {isa = PBXBuildFile; fileRef = 435893C71EF16B140093EB5C /* APIClient.swift */; };
		435893CF1EF16B140093EB5C /* APIRequest.swift in Sources */ = {isa = PBXBuildFile; fileRef = 435893C81EF16B140093EB5C /* APIRequest.swift */; };
		435893D01EF16B140093EB5C /* APIRequestParameter.swift in Sources */ = {isa = PBXBuildFile; fileRef = 435893C91EF16B140093EB5C /* APIRequestParameter.swift */; };
		435893D11EF16B140093EB5C /* RealmClient.swift in Sources */ = {isa = PBXBuildFile; fileRef = 435893CB1EF16B140093EB5C /* RealmClient.swift */; };
		435893D21EF16B140093EB5C /* RealmConfig.swift in Sources */ = {isa = PBXBuildFile; fileRef = 435893CC1EF16B140093EB5C /* RealmConfig.swift */; };
		435893D31EF16B140093EB5C /* Sample.swift in Sources */ = {isa = PBXBuildFile; fileRef = 435893CD1EF16B140093EB5C /* Sample.swift */; };
		435893E01EF16BB60093EB5C /* APIClientSpec.swift in Sources */ = {isa = PBXBuildFile; fileRef = 435893DD1EF16BB60093EB5C /* APIClientSpec.swift */; };
		435893E11EF16BB60093EB5C /* APIRequestSpec.swift in Sources */ = {isa = PBXBuildFile; fileRef = 435893DE1EF16BB60093EB5C /* APIRequestSpec.swift */; };
		435893E21EF16BB60093EB5C /* DataSpec.swift in Sources */ = {isa = PBXBuildFile; fileRef = 435893DF1EF16BB60093EB5C /* DataSpec.swift */; };
		435893E31EF16CEB0093EB5C /* Nimble.framework in Frameworks */ = {isa = PBXBuildFile; fileRef = 02EDCF7F1ECF608E000B705B /* Nimble.framework */; };
		435893E41EF16CF00093EB5C /* Quick.framework in Frameworks */ = {isa = PBXBuildFile; fileRef = 02EDCF811ECF6094000B705B /* Quick.framework */; };
		435894071EF16EF70093EB5C /* ExampleSpec.swift in Sources */ = {isa = PBXBuildFile; fileRef = 435894061EF16EF70093EB5C /* ExampleSpec.swift */; };
		435894081EF16F1B0093EB5C /* Nimble.framework in Frameworks */ = {isa = PBXBuildFile; fileRef = 02EDCF7F1ECF608E000B705B /* Nimble.framework */; };
		435894091EF16F1D0093EB5C /* Quick.framework in Frameworks */ = {isa = PBXBuildFile; fileRef = 02EDCF811ECF6094000B705B /* Quick.framework */; };
		4358940B1EF16F350093EB5C /* Quick.framework in CopyFiles */ = {isa = PBXBuildFile; fileRef = 02EDCF811ECF6094000B705B /* Quick.framework */; settings = {ATTRIBUTES = (CodeSignOnCopy, RemoveHeadersOnCopy, ); }; };
		4358940C1EF16F3A0093EB5C /* Nimble.framework in CopyFiles */ = {isa = PBXBuildFile; fileRef = 02EDCF7F1ECF608E000B705B /* Nimble.framework */; settings = {ATTRIBUTES = (CodeSignOnCopy, RemoveHeadersOnCopy, ); }; };
		435894431EF171F70093EB5C /* Domain.framework in Frameworks */ = {isa = PBXBuildFile; fileRef = 4358943A1EF171F70093EB5C /* Domain.framework */; };
		4358944F1EF171F70093EB5C /* Domain.framework in Frameworks */ = {isa = PBXBuildFile; fileRef = 4358943A1EF171F70093EB5C /* Domain.framework */; };
		435894501EF171F70093EB5C /* Domain.framework in Embed Frameworks */ = {isa = PBXBuildFile; fileRef = 4358943A1EF171F70093EB5C /* Domain.framework */; settings = {ATTRIBUTES = (CodeSignOnCopy, RemoveHeadersOnCopy, ); }; };
		4358945A1EF172380093EB5C /* Domain.h in Headers */ = {isa = PBXBuildFile; fileRef = 435894571EF172380093EB5C /* Domain.h */; settings = {ATTRIBUTES = (Public, ); }; };
		4358945B1EF172380093EB5C /* Article.swift in Sources */ = {isa = PBXBuildFile; fileRef = 435894581EF172380093EB5C /* Article.swift */; };
		4358945C1EF172380093EB5C /* ListItem.swift in Sources */ = {isa = PBXBuildFile; fileRef = 435894591EF172380093EB5C /* ListItem.swift */; };
		4358945D1EF172580093EB5C /* RxSwift.framework in Frameworks */ = {isa = PBXBuildFile; fileRef = CE769CAB1ED1440300CA619F /* RxSwift.framework */; };
		435894611EF1728E0093EB5C /* DomainSpec.swift in Sources */ = {isa = PBXBuildFile; fileRef = 4358945F1EF1728E0093EB5C /* DomainSpec.swift */; };
		435894621EF172A50093EB5C /* Nimble.framework in Frameworks */ = {isa = PBXBuildFile; fileRef = 02EDCF7F1ECF608E000B705B /* Nimble.framework */; };
		435894631EF172A70093EB5C /* Quick.framework in Frameworks */ = {isa = PBXBuildFile; fileRef = 02EDCF811ECF6094000B705B /* Quick.framework */; };
		435894651EF172B80093EB5C /* Quick.framework in CopyFiles */ = {isa = PBXBuildFile; fileRef = 02EDCF811ECF6094000B705B /* Quick.framework */; settings = {ATTRIBUTES = (CodeSignOnCopy, RemoveHeadersOnCopy, ); }; };
		435894661EF172BC0093EB5C /* Nimble.framework in CopyFiles */ = {isa = PBXBuildFile; fileRef = 02EDCF7F1ECF608E000B705B /* Nimble.framework */; settings = {ATTRIBUTES = (CodeSignOnCopy, RemoveHeadersOnCopy, ); }; };
		435894751EF174420093EB5C /* Presentation.framework in Frameworks */ = {isa = PBXBuildFile; fileRef = 4358946C1EF174420093EB5C /* Presentation.framework */; };
		4358947E1EF174420093EB5C /* Presentation.h in Headers */ = {isa = PBXBuildFile; fileRef = 4358946E1EF174420093EB5C /* Presentation.h */; settings = {ATTRIBUTES = (Public, ); }; };
		435894811EF174420093EB5C /* Presentation.framework in Frameworks */ = {isa = PBXBuildFile; fileRef = 4358946C1EF174420093EB5C /* Presentation.framework */; };
		435894821EF174420093EB5C /* Presentation.framework in Embed Frameworks */ = {isa = PBXBuildFile; fileRef = 4358946C1EF174420093EB5C /* Presentation.framework */; settings = {ATTRIBUTES = (CodeSignOnCopy, RemoveHeadersOnCopy, ); }; };
		435894891EF1746D0093EB5C /* RxSwift.framework in Frameworks */ = {isa = PBXBuildFile; fileRef = CE769CAB1ED1440300CA619F /* RxSwift.framework */; };
		4358948A1EF174760093EB5C /* Domain.framework in Frameworks */ = {isa = PBXBuildFile; fileRef = 4358943A1EF171F70093EB5C /* Domain.framework */; };
		4358948B1EF1747D0093EB5C /* Data.framework in Frameworks */ = {isa = PBXBuildFile; fileRef = 435893A11EF169F00093EB5C /* Data.framework */; };
		4358948C1EF1749E0093EB5C /* Quick.framework in Frameworks */ = {isa = PBXBuildFile; fileRef = 02EDCF811ECF6094000B705B /* Quick.framework */; };
		4358948D1EF174A00093EB5C /* Nimble.framework in Frameworks */ = {isa = PBXBuildFile; fileRef = 02EDCF7F1ECF608E000B705B /* Nimble.framework */; };
		4358948F1EF174AC0093EB5C /* Quick.framework in CopyFiles */ = {isa = PBXBuildFile; fileRef = 02EDCF811ECF6094000B705B /* Quick.framework */; settings = {ATTRIBUTES = (CodeSignOnCopy, RemoveHeadersOnCopy, ); }; };
		435894901EF174B00093EB5C /* Nimble.framework in CopyFiles */ = {isa = PBXBuildFile; fileRef = 02EDCF7F1ECF608E000B705B /* Nimble.framework */; settings = {ATTRIBUTES = (CodeSignOnCopy, RemoveHeadersOnCopy, ); }; };
		435894981EF174D70093EB5C /* ListPresenter.swift in Sources */ = {isa = PBXBuildFile; fileRef = 435894921EF174D70093EB5C /* ListPresenter.swift */; };
		435894991EF174D70093EB5C /* List.storyboard in Resources */ = {isa = PBXBuildFile; fileRef = 435894951EF174D70093EB5C /* List.storyboard */; };
		4358949A1EF174D70093EB5C /* ListViewController.swift in Sources */ = {isa = PBXBuildFile; fileRef = 435894971EF174D70093EB5C /* ListViewController.swift */; };
		4358949C1EF174FB0093EB5C /* PresentationSpec.swift in Sources */ = {isa = PBXBuildFile; fileRef = 4358949B1EF174FB0093EB5C /* PresentationSpec.swift */; };
		4385F2131EF166140030F935 /* AppDelegate.swift in Sources */ = {isa = PBXBuildFile; fileRef = 4385F2101EF166140030F935 /* AppDelegate.swift */; };
		4385F2141EF166140030F935 /* Assets.xcassets in Resources */ = {isa = PBXBuildFile; fileRef = 4385F2111EF166140030F935 /* Assets.xcassets */; };
		6E50B96566985B162145A9FE /* Pods_All_Example.framework in Frameworks */ = {isa = PBXBuildFile; fileRef = F42BE70A7814F4FF2FBB24B0 /* Pods_All_Example.framework */; };
		7A7ADF2EA894CA1E4742A574 /* Pods_All_ExampleTests.framework in Frameworks */ = {isa = PBXBuildFile; fileRef = 9F7D76E68D7036F58365B3A2 /* Pods_All_ExampleTests.framework */; };
		CE769CAD1ED144AF00CA619F /* RxSwift.framework in Frameworks */ = {isa = PBXBuildFile; fileRef = CE769CAB1ED1440300CA619F /* RxSwift.framework */; };
/* End PBXBuildFile section */

/* Begin PBXContainerItemProxy section */
		435893AB1EF169F00093EB5C /* PBXContainerItemProxy */ = {
			isa = PBXContainerItemProxy;
			containerPortal = 02AABC111ECF53110074E9E8 /* Project object */;
			proxyType = 1;
			remoteGlobalIDString = 435893A01EF169F00093EB5C;
			remoteInfo = Data;
		};
		435893AD1EF169F00093EB5C /* PBXContainerItemProxy */ = {
			isa = PBXContainerItemProxy;
			containerPortal = 02AABC111ECF53110074E9E8 /* Project object */;
			proxyType = 1;
			remoteGlobalIDString = 02AABC181ECF53110074E9E8;
			remoteInfo = Example;
		};
		435893B41EF169F00093EB5C /* PBXContainerItemProxy */ = {
			isa = PBXContainerItemProxy;
			containerPortal = 02AABC111ECF53110074E9E8 /* Project object */;
			proxyType = 1;
			remoteGlobalIDString = 435893A01EF169F00093EB5C;
			remoteInfo = Data;
		};
		435894011EF16EBA0093EB5C /* PBXContainerItemProxy */ = {
			isa = PBXContainerItemProxy;
			containerPortal = 02AABC111ECF53110074E9E8 /* Project object */;
			proxyType = 1;
			remoteGlobalIDString = 02AABC181ECF53110074E9E8;
			remoteInfo = Example;
		};
		435894441EF171F70093EB5C /* PBXContainerItemProxy */ = {
			isa = PBXContainerItemProxy;
			containerPortal = 02AABC111ECF53110074E9E8 /* Project object */;
			proxyType = 1;
			remoteGlobalIDString = 435894391EF171F70093EB5C;
			remoteInfo = Domain;
		};
		435894461EF171F70093EB5C /* PBXContainerItemProxy */ = {
			isa = PBXContainerItemProxy;
			containerPortal = 02AABC111ECF53110074E9E8 /* Project object */;
			proxyType = 1;
			remoteGlobalIDString = 02AABC181ECF53110074E9E8;
			remoteInfo = Example;
		};
		4358944D1EF171F70093EB5C /* PBXContainerItemProxy */ = {
			isa = PBXContainerItemProxy;
			containerPortal = 02AABC111ECF53110074E9E8 /* Project object */;
			proxyType = 1;
			remoteGlobalIDString = 435894391EF171F70093EB5C;
			remoteInfo = Domain;
		};
		435894761EF174420093EB5C /* PBXContainerItemProxy */ = {
			isa = PBXContainerItemProxy;
			containerPortal = 02AABC111ECF53110074E9E8 /* Project object */;
			proxyType = 1;
			remoteGlobalIDString = 4358946B1EF174420093EB5C;
			remoteInfo = Presentation;
		};
		435894781EF174420093EB5C /* PBXContainerItemProxy */ = {
			isa = PBXContainerItemProxy;
			containerPortal = 02AABC111ECF53110074E9E8 /* Project object */;
			proxyType = 1;
			remoteGlobalIDString = 02AABC181ECF53110074E9E8;
			remoteInfo = Example;
		};
		4358947F1EF174420093EB5C /* PBXContainerItemProxy */ = {
			isa = PBXContainerItemProxy;
			containerPortal = 02AABC111ECF53110074E9E8 /* Project object */;
			proxyType = 1;
			remoteGlobalIDString = 4358946B1EF174420093EB5C;
			remoteInfo = Presentation;
		};
/* End PBXContainerItemProxy section */

/* Begin PBXCopyFilesBuildPhase section */
		02EDCFAB1ED062AE000B705B /* Embed Frameworks */ = {
			isa = PBXCopyFilesBuildPhase;
			buildActionMask = 2147483647;
			dstPath = "";
			dstSubfolderSpec = 10;
			files = (
				435894501EF171F70093EB5C /* Domain.framework in Embed Frameworks */,
				435893B71EF169F00093EB5C /* Data.framework in Embed Frameworks */,
				435894821EF174420093EB5C /* Presentation.framework in Embed Frameworks */,
			);
			name = "Embed Frameworks";
			runOnlyForDeploymentPostprocessing = 0;
		};
		435893C31EF16A750093EB5C /* CopyFiles */ = {
			isa = PBXCopyFilesBuildPhase;
			buildActionMask = 2147483647;
			dstPath = "";
			dstSubfolderSpec = 10;
			files = (
				435893C51EF16A880093EB5C /* Nimble.framework in CopyFiles */,
				435893C41EF16A830093EB5C /* Quick.framework in CopyFiles */,
			);
			runOnlyForDeploymentPostprocessing = 0;
		};
		4358940A1EF16F2C0093EB5C /* CopyFiles */ = {
			isa = PBXCopyFilesBuildPhase;
			buildActionMask = 2147483647;
			dstPath = "";
			dstSubfolderSpec = 10;
			files = (
				4358940C1EF16F3A0093EB5C /* Nimble.framework in CopyFiles */,
				4358940B1EF16F350093EB5C /* Quick.framework in CopyFiles */,
			);
			runOnlyForDeploymentPostprocessing = 0;
		};
		435894641EF172AB0093EB5C /* CopyFiles */ = {
			isa = PBXCopyFilesBuildPhase;
			buildActionMask = 2147483647;
			dstPath = "";
			dstSubfolderSpec = 10;
			files = (
				435894661EF172BC0093EB5C /* Nimble.framework in CopyFiles */,
				435894651EF172B80093EB5C /* Quick.framework in CopyFiles */,
			);
			runOnlyForDeploymentPostprocessing = 0;
		};
		4358948E1EF174A30093EB5C /* CopyFiles */ = {
			isa = PBXCopyFilesBuildPhase;
			buildActionMask = 2147483647;
			dstPath = "";
			dstSubfolderSpec = 10;
			files = (
				435894901EF174B00093EB5C /* Nimble.framework in CopyFiles */,
				4358948F1EF174AC0093EB5C /* Quick.framework in CopyFiles */,
			);
			runOnlyForDeploymentPostprocessing = 0;
		};
/* End PBXCopyFilesBuildPhase section */

/* Begin PBXFileReference section */
		01F9E52988BC611034190AB8 /* Pods-All-ExampleTests.release.xcconfig */ = {isa = PBXFileReference; includeInIndex = 1; lastKnownFileType = text.xcconfig; name = "Pods-All-ExampleTests.release.xcconfig"; path = "Pods/Target Support Files/Pods-All-ExampleTests/Pods-All-ExampleTests.release.xcconfig"; sourceTree = "<group>"; };
		02AABC191ECF53110074E9E8 /* Example.app */ = {isa = PBXFileReference; explicitFileType = wrapper.application; includeInIndex = 0; path = Example.app; sourceTree = BUILT_PRODUCTS_DIR; };
		02EDCF7F1ECF608E000B705B /* Nimble.framework */ = {isa = PBXFileReference; lastKnownFileType = wrapper.framework; name = Nimble.framework; path = Carthage/Build/iOS/Nimble.framework; sourceTree = "<group>"; };
		02EDCF811ECF6094000B705B /* Quick.framework */ = {isa = PBXFileReference; lastKnownFileType = wrapper.framework; name = Quick.framework; path = Carthage/Build/iOS/Quick.framework; sourceTree = "<group>"; };
		03815B66641777ACE65535D1 /* Pods_All_DomainTests.framework */ = {isa = PBXFileReference; explicitFileType = wrapper.framework; includeInIndex = 0; path = Pods_All_DomainTests.framework; sourceTree = BUILT_PRODUCTS_DIR; };
		435893991EF169290093EB5C /* Base */ = {isa = PBXFileReference; lastKnownFileType = file.storyboard; name = Base; path = "Base.lproj/Launch Screen.storyboard"; sourceTree = "<group>"; };
		4358939B1EF169670093EB5C /* ja */ = {isa = PBXFileReference; lastKnownFileType = text.plist.strings; name = ja; path = "ja.lproj/Launch Screen.strings"; sourceTree = "<group>"; };
		435893A11EF169F00093EB5C /* Data.framework */ = {isa = PBXFileReference; explicitFileType = wrapper.framework; includeInIndex = 0; path = Data.framework; sourceTree = BUILT_PRODUCTS_DIR; };
		435893A31EF169F00093EB5C /* Data.h */ = {isa = PBXFileReference; lastKnownFileType = sourcecode.c.h; path = Data.h; sourceTree = "<group>"; };
		435893A41EF169F00093EB5C /* Info.plist */ = {isa = PBXFileReference; lastKnownFileType = text.plist.xml; path = Info.plist; sourceTree = "<group>"; };
		435893A91EF169F00093EB5C /* DataTests.xctest */ = {isa = PBXFileReference; explicitFileType = wrapper.cfbundle; includeInIndex = 0; path = DataTests.xctest; sourceTree = BUILT_PRODUCTS_DIR; };
		435893B21EF169F00093EB5C /* Info.plist */ = {isa = PBXFileReference; lastKnownFileType = text.plist.xml; path = Info.plist; sourceTree = "<group>"; };
		435893C71EF16B140093EB5C /* APIClient.swift */ = {isa = PBXFileReference; fileEncoding = 4; lastKnownFileType = sourcecode.swift; path = APIClient.swift; sourceTree = "<group>"; };
		435893C81EF16B140093EB5C /* APIRequest.swift */ = {isa = PBXFileReference; fileEncoding = 4; lastKnownFileType = sourcecode.swift; path = APIRequest.swift; sourceTree = "<group>"; };
		435893C91EF16B140093EB5C /* APIRequestParameter.swift */ = {isa = PBXFileReference; fileEncoding = 4; lastKnownFileType = sourcecode.swift; path = APIRequestParameter.swift; sourceTree = "<group>"; };
		435893CB1EF16B140093EB5C /* RealmClient.swift */ = {isa = PBXFileReference; fileEncoding = 4; lastKnownFileType = sourcecode.swift; path = RealmClient.swift; sourceTree = "<group>"; };
		435893CC1EF16B140093EB5C /* RealmConfig.swift */ = {isa = PBXFileReference; fileEncoding = 4; lastKnownFileType = sourcecode.swift; path = RealmConfig.swift; sourceTree = "<group>"; };
		435893CD1EF16B140093EB5C /* Sample.swift */ = {isa = PBXFileReference; fileEncoding = 4; lastKnownFileType = sourcecode.swift; path = Sample.swift; sourceTree = "<group>"; };
		435893DD1EF16BB60093EB5C /* APIClientSpec.swift */ = {isa = PBXFileReference; fileEncoding = 4; lastKnownFileType = sourcecode.swift; path = APIClientSpec.swift; sourceTree = "<group>"; };
		435893DE1EF16BB60093EB5C /* APIRequestSpec.swift */ = {isa = PBXFileReference; fileEncoding = 4; lastKnownFileType = sourcecode.swift; path = APIRequestSpec.swift; sourceTree = "<group>"; };
		435893DF1EF16BB60093EB5C /* DataSpec.swift */ = {isa = PBXFileReference; fileEncoding = 4; lastKnownFileType = sourcecode.swift; path = DataSpec.swift; sourceTree = "<group>"; };
		435893ED1EF16DC50093EB5C /* Info.plist */ = {isa = PBXFileReference; lastKnownFileType = text.plist.xml; path = Info.plist; sourceTree = "<group>"; };
		435893FC1EF16EBA0093EB5C /* ExampleTests.xctest */ = {isa = PBXFileReference; explicitFileType = wrapper.cfbundle; includeInIndex = 0; path = ExampleTests.xctest; sourceTree = BUILT_PRODUCTS_DIR; };
		435894061EF16EF70093EB5C /* ExampleSpec.swift */ = {isa = PBXFileReference; fileEncoding = 4; lastKnownFileType = sourcecode.swift; path = ExampleSpec.swift; sourceTree = "<group>"; };
		4358943A1EF171F70093EB5C /* Domain.framework */ = {isa = PBXFileReference; explicitFileType = wrapper.framework; includeInIndex = 0; path = Domain.framework; sourceTree = BUILT_PRODUCTS_DIR; };
		4358943D1EF171F70093EB5C /* Info.plist */ = {isa = PBXFileReference; lastKnownFileType = text.plist.xml; path = Info.plist; sourceTree = "<group>"; };
		435894421EF171F70093EB5C /* DomainTests.xctest */ = {isa = PBXFileReference; explicitFileType = wrapper.cfbundle; includeInIndex = 0; path = DomainTests.xctest; sourceTree = BUILT_PRODUCTS_DIR; };
		435894571EF172380093EB5C /* Domain.h */ = {isa = PBXFileReference; fileEncoding = 4; lastKnownFileType = sourcecode.c.h; path = Domain.h; sourceTree = "<group>"; };
		435894581EF172380093EB5C /* Article.swift */ = {isa = PBXFileReference; fileEncoding = 4; lastKnownFileType = sourcecode.swift; path = Article.swift; sourceTree = "<group>"; };
		435894591EF172380093EB5C /* ListItem.swift */ = {isa = PBXFileReference; fileEncoding = 4; lastKnownFileType = sourcecode.swift; path = ListItem.swift; sourceTree = "<group>"; };
		4358945E1EF1728E0093EB5C /* Info.plist */ = {isa = PBXFileReference; fileEncoding = 4; lastKnownFileType = text.plist.xml; path = Info.plist; sourceTree = "<group>"; };
		4358945F1EF1728E0093EB5C /* DomainSpec.swift */ = {isa = PBXFileReference; fileEncoding = 4; lastKnownFileType = sourcecode.swift; path = DomainSpec.swift; sourceTree = "<group>"; };
		4358946C1EF174420093EB5C /* Presentation.framework */ = {isa = PBXFileReference; explicitFileType = wrapper.framework; includeInIndex = 0; path = Presentation.framework; sourceTree = BUILT_PRODUCTS_DIR; };
		4358946E1EF174420093EB5C /* Presentation.h */ = {isa = PBXFileReference; lastKnownFileType = sourcecode.c.h; path = Presentation.h; sourceTree = "<group>"; };
		4358946F1EF174420093EB5C /* Info.plist */ = {isa = PBXFileReference; lastKnownFileType = text.plist.xml; path = Info.plist; sourceTree = "<group>"; };
		435894741EF174420093EB5C /* PresentationTests.xctest */ = {isa = PBXFileReference; explicitFileType = wrapper.cfbundle; includeInIndex = 0; path = PresentationTests.xctest; sourceTree = BUILT_PRODUCTS_DIR; };
		4358947D1EF174420093EB5C /* Info.plist */ = {isa = PBXFileReference; lastKnownFileType = text.plist.xml; path = Info.plist; sourceTree = "<group>"; };
		435894921EF174D70093EB5C /* ListPresenter.swift */ = {isa = PBXFileReference; fileEncoding = 4; lastKnownFileType = sourcecode.swift; path = ListPresenter.swift; sourceTree = "<group>"; };
		435894951EF174D70093EB5C /* List.storyboard */ = {isa = PBXFileReference; fileEncoding = 4; lastKnownFileType = file.storyboard; path = List.storyboard; sourceTree = "<group>"; };
		435894971EF174D70093EB5C /* ListViewController.swift */ = {isa = PBXFileReference; fileEncoding = 4; lastKnownFileType = sourcecode.swift; path = ListViewController.swift; sourceTree = "<group>"; };
		4358949B1EF174FB0093EB5C /* PresentationSpec.swift */ = {isa = PBXFileReference; fileEncoding = 4; lastKnownFileType = sourcecode.swift; path = PresentationSpec.swift; sourceTree = "<group>"; };
		4385F20F1EF166140030F935 /* Info.plist */ = {isa = PBXFileReference; fileEncoding = 4; lastKnownFileType = text.plist.xml; name = Info.plist; path = Example/Info.plist; sourceTree = SOURCE_ROOT; };
		4385F2101EF166140030F935 /* AppDelegate.swift */ = {isa = PBXFileReference; fileEncoding = 4; lastKnownFileType = sourcecode.swift; name = AppDelegate.swift; path = Example/AppDelegate.swift; sourceTree = SOURCE_ROOT; };
		4385F2111EF166140030F935 /* Assets.xcassets */ = {isa = PBXFileReference; lastKnownFileType = folder.assetcatalog; name = Assets.xcassets; path = Example/Assets.xcassets; sourceTree = SOURCE_ROOT; };
		514825C4663FB740263FB485 /* Pods-All-Example.release.xcconfig */ = {isa = PBXFileReference; includeInIndex = 1; lastKnownFileType = text.xcconfig; name = "Pods-All-Example.release.xcconfig"; path = "Pods/Target Support Files/Pods-All-Example/Pods-All-Example.release.xcconfig"; sourceTree = "<group>"; };
		6ECCA3A25203D37CDAB53159 /* Pods_All_NewsAppTests.framework */ = {isa = PBXFileReference; explicitFileType = wrapper.framework; includeInIndex = 0; path = Pods_All_NewsAppTests.framework; sourceTree = BUILT_PRODUCTS_DIR; };
		76ABA6D92DE710E20758E9A2 /* Pods_NewsApp.framework */ = {isa = PBXFileReference; explicitFileType = wrapper.framework; includeInIndex = 0; path = Pods_NewsApp.framework; sourceTree = BUILT_PRODUCTS_DIR; };
		80193C3E8AD4CD55B1B5E8BB /* Pods_NewsAppTests.framework */ = {isa = PBXFileReference; explicitFileType = wrapper.framework; includeInIndex = 0; path = Pods_NewsAppTests.framework; sourceTree = BUILT_PRODUCTS_DIR; };
		881B52B59C27F1A02DE42316 /* Pods-All-ExampleTests.debug.xcconfig */ = {isa = PBXFileReference; includeInIndex = 1; lastKnownFileType = text.xcconfig; name = "Pods-All-ExampleTests.debug.xcconfig"; path = "Pods/Target Support Files/Pods-All-ExampleTests/Pods-All-ExampleTests.debug.xcconfig"; sourceTree = "<group>"; };
		9F7D76E68D7036F58365B3A2 /* Pods_All_ExampleTests.framework */ = {isa = PBXFileReference; explicitFileType = wrapper.framework; includeInIndex = 0; path = Pods_All_ExampleTests.framework; sourceTree = BUILT_PRODUCTS_DIR; };
		B2097A3CDE2D50A1D3F67FBD /* Pods-All-Example.debug.xcconfig */ = {isa = PBXFileReference; includeInIndex = 1; lastKnownFileType = text.xcconfig; name = "Pods-All-Example.debug.xcconfig"; path = "Pods/Target Support Files/Pods-All-Example/Pods-All-Example.debug.xcconfig"; sourceTree = "<group>"; };
		CD8B1C0E4E90B9B17D2E4578 /* Pods_All_Domain.framework */ = {isa = PBXFileReference; explicitFileType = wrapper.framework; includeInIndex = 0; path = Pods_All_Domain.framework; sourceTree = BUILT_PRODUCTS_DIR; };
		CE769CAB1ED1440300CA619F /* RxSwift.framework */ = {isa = PBXFileReference; lastKnownFileType = wrapper.framework; name = RxSwift.framework; path = Carthage/Build/iOS/RxSwift.framework; sourceTree = "<group>"; };
		CEAEB4981ED1C8F800E5B23B /* Alamofire.framework */ = {isa = PBXFileReference; lastKnownFileType = wrapper.framework; name = Alamofire.framework; path = Carthage/Build/iOS/Alamofire.framework; sourceTree = "<group>"; };
		CEAEB4991ED1C8F800E5B23B /* Unbox.framework */ = {isa = PBXFileReference; lastKnownFileType = wrapper.framework; name = Unbox.framework; path = Carthage/Build/iOS/Unbox.framework; sourceTree = "<group>"; };
		CECFBD5A1EDDE67E00B471E7 /* Realm.framework */ = {isa = PBXFileReference; lastKnownFileType = wrapper.framework; name = Realm.framework; path = Carthage/Build/iOS/Realm.framework; sourceTree = "<group>"; };
		CECFBD5B1EDDE67E00B471E7 /* RealmSwift.framework */ = {isa = PBXFileReference; lastKnownFileType = wrapper.framework; name = RealmSwift.framework; path = Carthage/Build/iOS/RealmSwift.framework; sourceTree = "<group>"; };
		EE9B2EA97F145F307C8617CF /* Pods_All_NewsApp.framework */ = {isa = PBXFileReference; explicitFileType = wrapper.framework; includeInIndex = 0; path = Pods_All_NewsApp.framework; sourceTree = BUILT_PRODUCTS_DIR; };
		F42BE70A7814F4FF2FBB24B0 /* Pods_All_Example.framework */ = {isa = PBXFileReference; explicitFileType = wrapper.framework; includeInIndex = 0; path = Pods_All_Example.framework; sourceTree = BUILT_PRODUCTS_DIR; };
/* End PBXFileReference section */

/* Begin PBXFrameworksBuildPhase section */
		02AABC161ECF53110074E9E8 /* Frameworks */ = {
			isa = PBXFrameworksBuildPhase;
			buildActionMask = 2147483647;
			files = (
				4358944F1EF171F70093EB5C /* Domain.framework in Frameworks */,
				435893B61EF169F00093EB5C /* Data.framework in Frameworks */,
				CE769CAD1ED144AF00CA619F /* RxSwift.framework in Frameworks */,
				435894811EF174420093EB5C /* Presentation.framework in Frameworks */,
				6E50B96566985B162145A9FE /* Pods_All_Example.framework in Frameworks */,
			);
			runOnlyForDeploymentPostprocessing = 0;
		};
		4358939D1EF169F00093EB5C /* Frameworks */ = {
			isa = PBXFrameworksBuildPhase;
			buildActionMask = 2147483647;
			files = (
				435893BE1EF16A370093EB5C /* Realm.framework in Frameworks */,
				435893BF1EF16A3B0093EB5C /* RealmSwift.framework in Frameworks */,
				435893C01EF16A3F0093EB5C /* Alamofire.framework in Frameworks */,
				435893C11EF16A460093EB5C /* Unbox.framework in Frameworks */,
				435893C21EF16A590093EB5C /* RxSwift.framework in Frameworks */,
			);
			runOnlyForDeploymentPostprocessing = 0;
		};
		435893A61EF169F00093EB5C /* Frameworks */ = {
			isa = PBXFrameworksBuildPhase;
			buildActionMask = 2147483647;
			files = (
				435893AA1EF169F00093EB5C /* Data.framework in Frameworks */,
				435893E31EF16CEB0093EB5C /* Nimble.framework in Frameworks */,
				435893E41EF16CF00093EB5C /* Quick.framework in Frameworks */,
			);
			runOnlyForDeploymentPostprocessing = 0;
		};
		435893F91EF16EBA0093EB5C /* Frameworks */ = {
			isa = PBXFrameworksBuildPhase;
			buildActionMask = 2147483647;
			files = (
				435894081EF16F1B0093EB5C /* Nimble.framework in Frameworks */,
				435894091EF16F1D0093EB5C /* Quick.framework in Frameworks */,
				7A7ADF2EA894CA1E4742A574 /* Pods_All_ExampleTests.framework in Frameworks */,
			);
			runOnlyForDeploymentPostprocessing = 0;
		};
		435894361EF171F70093EB5C /* Frameworks */ = {
			isa = PBXFrameworksBuildPhase;
			buildActionMask = 2147483647;
			files = (
				4358948B1EF1747D0093EB5C /* Data.framework in Frameworks */,
				4358945D1EF172580093EB5C /* RxSwift.framework in Frameworks */,
			);
			runOnlyForDeploymentPostprocessing = 0;
		};
		4358943F1EF171F70093EB5C /* Frameworks */ = {
			isa = PBXFrameworksBuildPhase;
			buildActionMask = 2147483647;
			files = (
				435894431EF171F70093EB5C /* Domain.framework in Frameworks */,
				435894621EF172A50093EB5C /* Nimble.framework in Frameworks */,
				435894631EF172A70093EB5C /* Quick.framework in Frameworks */,
			);
			runOnlyForDeploymentPostprocessing = 0;
		};
		435894681EF174420093EB5C /* Frameworks */ = {
			isa = PBXFrameworksBuildPhase;
			buildActionMask = 2147483647;
			files = (
				4358948A1EF174760093EB5C /* Domain.framework in Frameworks */,
				435894891EF1746D0093EB5C /* RxSwift.framework in Frameworks */,
			);
			runOnlyForDeploymentPostprocessing = 0;
		};
		435894711EF174420093EB5C /* Frameworks */ = {
			isa = PBXFrameworksBuildPhase;
			buildActionMask = 2147483647;
			files = (
				435894751EF174420093EB5C /* Presentation.framework in Frameworks */,
				4358948C1EF1749E0093EB5C /* Quick.framework in Frameworks */,
				4358948D1EF174A00093EB5C /* Nimble.framework in Frameworks */,
			);
			runOnlyForDeploymentPostprocessing = 0;
		};
/* End PBXFrameworksBuildPhase section */

/* Begin PBXGroup section */
		02AABC101ECF53110074E9E8 = {
			isa = PBXGroup;
			children = (
				02AABC1B1ECF53110074E9E8 /* Example */,
				435893EA1EF16DC50093EB5C /* ExampleTests */,
				435893A21EF169F00093EB5C /* Data */,
				435893AF1EF169F00093EB5C /* DataTests */,
				4358943B1EF171F70093EB5C /* Domain */,
				435894481EF171F70093EB5C /* DomainTests */,
				4358946D1EF174420093EB5C /* Presentation */,
				4358947A1EF174420093EB5C /* PresentationTests */,
				02AABC1A1ECF53110074E9E8 /* Products */,
				A39D8286FC4AF324A2ADF974 /* Pods */,
				B9E881B312DB135C4FB0151D /* Frameworks */,
			);
			sourceTree = "<group>";
		};
		02AABC1A1ECF53110074E9E8 /* Products */ = {
			isa = PBXGroup;
			children = (
				02AABC191ECF53110074E9E8 /* Example.app */,
				435893A11EF169F00093EB5C /* Data.framework */,
				435893A91EF169F00093EB5C /* DataTests.xctest */,
				435893FC1EF16EBA0093EB5C /* ExampleTests.xctest */,
				4358943A1EF171F70093EB5C /* Domain.framework */,
				435894421EF171F70093EB5C /* DomainTests.xctest */,
				4358946C1EF174420093EB5C /* Presentation.framework */,
				435894741EF174420093EB5C /* PresentationTests.xctest */,
			);
			name = Products;
			sourceTree = "<group>";
		};
		02AABC1B1ECF53110074E9E8 /* Example */ = {
			isa = PBXGroup;
			children = (
				4385F2101EF166140030F935 /* AppDelegate.swift */,
				4385F2111EF166140030F935 /* Assets.xcassets */,
				4385F20F1EF166140030F935 /* Info.plist */,
				4358939A1EF169290093EB5C /* Launch Screen.storyboard */,
			);
			name = Example;
			path = NewsApp;
			sourceTree = "<group>";
		};
		435893A21EF169F00093EB5C /* Data */ = {
			isa = PBXGroup;
			children = (
				435893C61EF16B140093EB5C /* APIClient */,
				435893CA1EF16B140093EB5C /* RealmClient */,
				435893A31EF169F00093EB5C /* Data.h */,
				435893CD1EF16B140093EB5C /* Sample.swift */,
				435893A41EF169F00093EB5C /* Info.plist */,
			);
			path = Data;
			sourceTree = "<group>";
		};
		435893AF1EF169F00093EB5C /* DataTests */ = {
			isa = PBXGroup;
			children = (
				435893DC1EF16BB60093EB5C /* APIClient */,
				435893DF1EF16BB60093EB5C /* DataSpec.swift */,
				435893B21EF169F00093EB5C /* Info.plist */,
			);
			path = DataTests;
			sourceTree = "<group>";
		};
		435893C61EF16B140093EB5C /* APIClient */ = {
			isa = PBXGroup;
			children = (
				435893C71EF16B140093EB5C /* APIClient.swift */,
				435893C81EF16B140093EB5C /* APIRequest.swift */,
				435893C91EF16B140093EB5C /* APIRequestParameter.swift */,
			);
			path = APIClient;
			sourceTree = "<group>";
		};
		435893CA1EF16B140093EB5C /* RealmClient */ = {
			isa = PBXGroup;
			children = (
				435893CB1EF16B140093EB5C /* RealmClient.swift */,
				435893CC1EF16B140093EB5C /* RealmConfig.swift */,
			);
			path = RealmClient;
			sourceTree = "<group>";
		};
		435893DC1EF16BB60093EB5C /* APIClient */ = {
			isa = PBXGroup;
			children = (
				435893DD1EF16BB60093EB5C /* APIClientSpec.swift */,
				435893DE1EF16BB60093EB5C /* APIRequestSpec.swift */,
			);
			path = APIClient;
			sourceTree = "<group>";
		};
		435893EA1EF16DC50093EB5C /* ExampleTests */ = {
			isa = PBXGroup;
			children = (
				435894061EF16EF70093EB5C /* ExampleSpec.swift */,
				435893ED1EF16DC50093EB5C /* Info.plist */,
			);
			path = ExampleTests;
			sourceTree = "<group>";
		};
		4358943B1EF171F70093EB5C /* Domain */ = {
			isa = PBXGroup;
			children = (
				435894571EF172380093EB5C /* Domain.h */,
				435894581EF172380093EB5C /* Article.swift */,
				435894591EF172380093EB5C /* ListItem.swift */,
				4358943D1EF171F70093EB5C /* Info.plist */,
			);
			path = Domain;
			sourceTree = "<group>";
		};
		435894481EF171F70093EB5C /* DomainTests */ = {
			isa = PBXGroup;
			children = (
				4358945F1EF1728E0093EB5C /* DomainSpec.swift */,
				4358945E1EF1728E0093EB5C /* Info.plist */,
			);
			path = DomainTests;
			sourceTree = "<group>";
		};
		4358946D1EF174420093EB5C /* Presentation */ = {
			isa = PBXGroup;
			children = (
				435894911EF174D70093EB5C /* Presenters */,
				435894931EF174D70093EB5C /* Scenes */,
				4358946E1EF174420093EB5C /* Presentation.h */,
				4358946F1EF174420093EB5C /* Info.plist */,
			);
			path = Presentation;
			sourceTree = "<group>";
		};
		4358947A1EF174420093EB5C /* PresentationTests */ = {
			isa = PBXGroup;
			children = (
				4358949B1EF174FB0093EB5C /* PresentationSpec.swift */,
				4358947D1EF174420093EB5C /* Info.plist */,
			);
			path = PresentationTests;
			sourceTree = "<group>";
		};
		435894911EF174D70093EB5C /* Presenters */ = {
			isa = PBXGroup;
			children = (
				435894921EF174D70093EB5C /* ListPresenter.swift */,
			);
			path = Presenters;
			sourceTree = "<group>";
		};
		435894931EF174D70093EB5C /* Scenes */ = {
			isa = PBXGroup;
			children = (
				435894941EF174D70093EB5C /* List */,
			);
			path = Scenes;
			sourceTree = "<group>";
		};
		435894941EF174D70093EB5C /* List */ = {
			isa = PBXGroup;
			children = (
				435894951EF174D70093EB5C /* List.storyboard */,
				435894961EF174D70093EB5C /* ViewControllers */,
			);
			path = List;
			sourceTree = "<group>";
		};
		435894961EF174D70093EB5C /* ViewControllers */ = {
			isa = PBXGroup;
			children = (
				435894971EF174D70093EB5C /* ListViewController.swift */,
			);
			path = ViewControllers;
			sourceTree = "<group>";
		};
		A39D8286FC4AF324A2ADF974 /* Pods */ = {
			isa = PBXGroup;
			children = (
				B2097A3CDE2D50A1D3F67FBD /* Pods-All-Example.debug.xcconfig */,
				514825C4663FB740263FB485 /* Pods-All-Example.release.xcconfig */,
				881B52B59C27F1A02DE42316 /* Pods-All-ExampleTests.debug.xcconfig */,
				01F9E52988BC611034190AB8 /* Pods-All-ExampleTests.release.xcconfig */,
			);
			name = Pods;
			sourceTree = "<group>";
		};
		B9E881B312DB135C4FB0151D /* Frameworks */ = {
			isa = PBXGroup;
			children = (
				CECFBD5A1EDDE67E00B471E7 /* Realm.framework */,
				CECFBD5B1EDDE67E00B471E7 /* RealmSwift.framework */,
				CEAEB4981ED1C8F800E5B23B /* Alamofire.framework */,
				CEAEB4991ED1C8F800E5B23B /* Unbox.framework */,
				CE769CAB1ED1440300CA619F /* RxSwift.framework */,
				02EDCF811ECF6094000B705B /* Quick.framework */,
				02EDCF7F1ECF608E000B705B /* Nimble.framework */,
				76ABA6D92DE710E20758E9A2 /* Pods_NewsApp.framework */,
				80193C3E8AD4CD55B1B5E8BB /* Pods_NewsAppTests.framework */,
				CD8B1C0E4E90B9B17D2E4578 /* Pods_All_Domain.framework */,
				EE9B2EA97F145F307C8617CF /* Pods_All_NewsApp.framework */,
				6ECCA3A25203D37CDAB53159 /* Pods_All_NewsAppTests.framework */,
				03815B66641777ACE65535D1 /* Pods_All_DomainTests.framework */,
				F42BE70A7814F4FF2FBB24B0 /* Pods_All_Example.framework */,
				9F7D76E68D7036F58365B3A2 /* Pods_All_ExampleTests.framework */,
			);
			name = Frameworks;
			sourceTree = "<group>";
		};
/* End PBXGroup section */

/* Begin PBXHeadersBuildPhase section */
		4358939E1EF169F00093EB5C /* Headers */ = {
			isa = PBXHeadersBuildPhase;
			buildActionMask = 2147483647;
			files = (
				435893B31EF169F00093EB5C /* Data.h in Headers */,
			);
			runOnlyForDeploymentPostprocessing = 0;
		};
		435894371EF171F70093EB5C /* Headers */ = {
			isa = PBXHeadersBuildPhase;
			buildActionMask = 2147483647;
			files = (
				4358945A1EF172380093EB5C /* Domain.h in Headers */,
			);
			runOnlyForDeploymentPostprocessing = 0;
		};
		435894691EF174420093EB5C /* Headers */ = {
			isa = PBXHeadersBuildPhase;
			buildActionMask = 2147483647;
			files = (
				4358947E1EF174420093EB5C /* Presentation.h in Headers */,
			);
			runOnlyForDeploymentPostprocessing = 0;
		};
/* End PBXHeadersBuildPhase section */

/* Begin PBXNativeTarget section */
		02AABC181ECF53110074E9E8 /* Example */ = {
			isa = PBXNativeTarget;
			buildConfigurationList = 02AABC361ECF53110074E9E8 /* Build configuration list for PBXNativeTarget "Example" */;
			buildPhases = (
				AA7E73A79AC3A0164C812773 /* [CP] Check Pods Manifest.lock */,
				02AABC151ECF53110074E9E8 /* Sources */,
				02AABC161ECF53110074E9E8 /* Frameworks */,
				02AABC171ECF53110074E9E8 /* Resources */,
				ACD6ABCC619E4E7AE0CA7BDA /* [CP] Embed Pods Frameworks */,
				C2BD58DC5FFB8FC9E6BC9B99 /* [CP] Copy Pods Resources */,
				02EDCF7E1ECF5D00000B705B /* Run Script SwiftLint */,
				02EDCFAB1ED062AE000B705B /* Embed Frameworks */,
				CE769CAF1ED1450D00CA619F /* Run Script Carthage */,
			);
			buildRules = (
			);
			dependencies = (
				435893B51EF169F00093EB5C /* PBXTargetDependency */,
				4358944E1EF171F70093EB5C /* PBXTargetDependency */,
				435894801EF174420093EB5C /* PBXTargetDependency */,
			);
			name = Example;
			productName = NewsApp;
			productReference = 02AABC191ECF53110074E9E8 /* Example.app */;
			productType = "com.apple.product-type.application";
		};
		435893A01EF169F00093EB5C /* Data */ = {
			isa = PBXNativeTarget;
			buildConfigurationList = 435893B81EF169F00093EB5C /* Build configuration list for PBXNativeTarget "Data" */;
			buildPhases = (
				4358939C1EF169F00093EB5C /* Sources */,
				4358939D1EF169F00093EB5C /* Frameworks */,
				4358939E1EF169F00093EB5C /* Headers */,
				4358939F1EF169F00093EB5C /* Resources */,
			);
			buildRules = (
			);
			dependencies = (
			);
			name = Data;
			productName = Data;
			productReference = 435893A11EF169F00093EB5C /* Data.framework */;
			productType = "com.apple.product-type.framework";
		};
		435893A81EF169F00093EB5C /* DataTests */ = {
			isa = PBXNativeTarget;
			buildConfigurationList = 435893BB1EF169F00093EB5C /* Build configuration list for PBXNativeTarget "DataTests" */;
			buildPhases = (
				435893A51EF169F00093EB5C /* Sources */,
				435893A61EF169F00093EB5C /* Frameworks */,
				435893A71EF169F00093EB5C /* Resources */,
				435893C31EF16A750093EB5C /* CopyFiles */,
			);
			buildRules = (
			);
			dependencies = (
				435893AC1EF169F00093EB5C /* PBXTargetDependency */,
				435893AE1EF169F00093EB5C /* PBXTargetDependency */,
			);
			name = DataTests;
			productName = DataTests;
			productReference = 435893A91EF169F00093EB5C /* DataTests.xctest */;
			productType = "com.apple.product-type.bundle.unit-test";
		};
		435893FB1EF16EBA0093EB5C /* ExampleTests */ = {
			isa = PBXNativeTarget;
			buildConfigurationList = 435894031EF16EBA0093EB5C /* Build configuration list for PBXNativeTarget "ExampleTests" */;
			buildPhases = (
				EF5AC1D42E316C8830C46DB8 /* [CP] Check Pods Manifest.lock */,
				435893F81EF16EBA0093EB5C /* Sources */,
				435893F91EF16EBA0093EB5C /* Frameworks */,
				435893FA1EF16EBA0093EB5C /* Resources */,
				4358940A1EF16F2C0093EB5C /* CopyFiles */,
				C85815CB9F811BAA4CB5F95E /* [CP] Embed Pods Frameworks */,
				D0B2CA6CB8DD4154D39CA87B /* [CP] Copy Pods Resources */,
			);
			buildRules = (
			);
			dependencies = (
				435894021EF16EBA0093EB5C /* PBXTargetDependency */,
			);
			name = ExampleTests;
			productName = ExampleTests;
			productReference = 435893FC1EF16EBA0093EB5C /* ExampleTests.xctest */;
			productType = "com.apple.product-type.bundle.unit-test";
		};
		435894391EF171F70093EB5C /* Domain */ = {
			isa = PBXNativeTarget;
			buildConfigurationList = 435894551EF171F70093EB5C /* Build configuration list for PBXNativeTarget "Domain" */;
			buildPhases = (
				435894351EF171F70093EB5C /* Sources */,
				435894361EF171F70093EB5C /* Frameworks */,
				435894371EF171F70093EB5C /* Headers */,
				435894381EF171F70093EB5C /* Resources */,
			);
			buildRules = (
			);
			dependencies = (
			);
			name = Domain;
			productName = Domain;
			productReference = 4358943A1EF171F70093EB5C /* Domain.framework */;
			productType = "com.apple.product-type.framework";
		};
		435894411EF171F70093EB5C /* DomainTests */ = {
			isa = PBXNativeTarget;
			buildConfigurationList = 435894561EF171F70093EB5C /* Build configuration list for PBXNativeTarget "DomainTests" */;
			buildPhases = (
				4358943E1EF171F70093EB5C /* Sources */,
				4358943F1EF171F70093EB5C /* Frameworks */,
				435894401EF171F70093EB5C /* Resources */,
				435894641EF172AB0093EB5C /* CopyFiles */,
			);
			buildRules = (
			);
			dependencies = (
				435894451EF171F70093EB5C /* PBXTargetDependency */,
				435894471EF171F70093EB5C /* PBXTargetDependency */,
			);
			name = DomainTests;
			productName = DomainTests;
			productReference = 435894421EF171F70093EB5C /* DomainTests.xctest */;
			productType = "com.apple.product-type.bundle.unit-test";
		};
		4358946B1EF174420093EB5C /* Presentation */ = {
			isa = PBXNativeTarget;
			buildConfigurationList = 435894831EF174420093EB5C /* Build configuration list for PBXNativeTarget "Presentation" */;
			buildPhases = (
				435894671EF174420093EB5C /* Sources */,
				435894681EF174420093EB5C /* Frameworks */,
				435894691EF174420093EB5C /* Headers */,
				4358946A1EF174420093EB5C /* Resources */,
			);
			buildRules = (
			);
			dependencies = (
			);
			name = Presentation;
			productName = Presentation;
			productReference = 4358946C1EF174420093EB5C /* Presentation.framework */;
			productType = "com.apple.product-type.framework";
		};
		435894731EF174420093EB5C /* PresentationTests */ = {
			isa = PBXNativeTarget;
			buildConfigurationList = 435894861EF174420093EB5C /* Build configuration list for PBXNativeTarget "PresentationTests" */;
			buildPhases = (
				435894701EF174420093EB5C /* Sources */,
				435894711EF174420093EB5C /* Frameworks */,
				435894721EF174420093EB5C /* Resources */,
				4358948E1EF174A30093EB5C /* CopyFiles */,
			);
			buildRules = (
			);
			dependencies = (
				435894771EF174420093EB5C /* PBXTargetDependency */,
				435894791EF174420093EB5C /* PBXTargetDependency */,
			);
			name = PresentationTests;
			productName = PresentationTests;
			productReference = 435894741EF174420093EB5C /* PresentationTests.xctest */;
			productType = "com.apple.product-type.bundle.unit-test";
		};
/* End PBXNativeTarget section */

/* Begin PBXProject section */
		02AABC111ECF53110074E9E8 /* Project object */ = {
			isa = PBXProject;
			attributes = {
				LastSwiftUpdateCheck = 0830;
				LastUpgradeCheck = 0830;
				ORGANIZATIONNAME = "Ryoichi Hara";
				TargetAttributes = {
					02AABC181ECF53110074E9E8 = {
						CreatedOnToolsVersion = 8.3.2;
						DevelopmentTeam = 9Y6KN5AA6R;
						ProvisioningStyle = Automatic;
					};
					435893A01EF169F00093EB5C = {
						CreatedOnToolsVersion = 8.3.3;
						DevelopmentTeam = 9Y6KN5AA6R;
						LastSwiftMigration = 0830;
						ProvisioningStyle = Automatic;
					};
					435893A81EF169F00093EB5C = {
						CreatedOnToolsVersion = 8.3.3;
						DevelopmentTeam = 9Y6KN5AA6R;
						LastSwiftMigration = 0830;
						ProvisioningStyle = Automatic;
						TestTargetID = 02AABC181ECF53110074E9E8;
					};
					435893FB1EF16EBA0093EB5C = {
						CreatedOnToolsVersion = 8.3.3;
						DevelopmentTeam = 9Y6KN5AA6R;
						ProvisioningStyle = Automatic;
						TestTargetID = 02AABC181ECF53110074E9E8;
					};
					435894391EF171F70093EB5C = {
						CreatedOnToolsVersion = 8.3.3;
						DevelopmentTeam = 9Y6KN5AA6R;
						LastSwiftMigration = 0830;
						ProvisioningStyle = Automatic;
					};
					435894411EF171F70093EB5C = {
						CreatedOnToolsVersion = 8.3.3;
						DevelopmentTeam = 9Y6KN5AA6R;
						ProvisioningStyle = Automatic;
						TestTargetID = 02AABC181ECF53110074E9E8;
					};
					4358946B1EF174420093EB5C = {
						CreatedOnToolsVersion = 8.3.3;
						DevelopmentTeam = 9Y6KN5AA6R;
						ProvisioningStyle = Automatic;
					};
					435894731EF174420093EB5C = {
						CreatedOnToolsVersion = 8.3.3;
						DevelopmentTeam = 9Y6KN5AA6R;
						ProvisioningStyle = Automatic;
						TestTargetID = 02AABC181ECF53110074E9E8;
					};
				};
			};
			buildConfigurationList = 02AABC141ECF53110074E9E8 /* Build configuration list for PBXProject "Example" */;
			compatibilityVersion = "Xcode 3.2";
			developmentRegion = English;
			hasScannedForEncodings = 0;
			knownRegions = (
				en,
				Base,
			);
			mainGroup = 02AABC101ECF53110074E9E8;
			productRefGroup = 02AABC1A1ECF53110074E9E8 /* Products */;
			projectDirPath = "";
			projectRoot = "";
			targets = (
				02AABC181ECF53110074E9E8 /* Example */,
				435893FB1EF16EBA0093EB5C /* ExampleTests */,
				435893A01EF169F00093EB5C /* Data */,
				435893A81EF169F00093EB5C /* DataTests */,
				435894391EF171F70093EB5C /* Domain */,
				435894411EF171F70093EB5C /* DomainTests */,
				4358946B1EF174420093EB5C /* Presentation */,
				435894731EF174420093EB5C /* PresentationTests */,
			);
		};
/* End PBXProject section */

/* Begin PBXResourcesBuildPhase section */
		02AABC171ECF53110074E9E8 /* Resources */ = {
			isa = PBXResourcesBuildPhase;
			buildActionMask = 2147483647;
			files = (
				435893981EF169290093EB5C /* Launch Screen.storyboard in Resources */,
				4385F2141EF166140030F935 /* Assets.xcassets in Resources */,
			);
			runOnlyForDeploymentPostprocessing = 0;
		};
		4358939F1EF169F00093EB5C /* Resources */ = {
			isa = PBXResourcesBuildPhase;
			buildActionMask = 2147483647;
			files = (
			);
			runOnlyForDeploymentPostprocessing = 0;
		};
		435893A71EF169F00093EB5C /* Resources */ = {
			isa = PBXResourcesBuildPhase;
			buildActionMask = 2147483647;
			files = (
			);
			runOnlyForDeploymentPostprocessing = 0;
		};
		435893FA1EF16EBA0093EB5C /* Resources */ = {
			isa = PBXResourcesBuildPhase;
			buildActionMask = 2147483647;
			files = (
			);
			runOnlyForDeploymentPostprocessing = 0;
		};
		435894381EF171F70093EB5C /* Resources */ = {
			isa = PBXResourcesBuildPhase;
			buildActionMask = 2147483647;
			files = (
			);
			runOnlyForDeploymentPostprocessing = 0;
		};
		435894401EF171F70093EB5C /* Resources */ = {
			isa = PBXResourcesBuildPhase;
			buildActionMask = 2147483647;
			files = (
			);
			runOnlyForDeploymentPostprocessing = 0;
		};
		4358946A1EF174420093EB5C /* Resources */ = {
			isa = PBXResourcesBuildPhase;
			buildActionMask = 2147483647;
			files = (
				435894991EF174D70093EB5C /* List.storyboard in Resources */,
			);
			runOnlyForDeploymentPostprocessing = 0;
		};
		435894721EF174420093EB5C /* Resources */ = {
			isa = PBXResourcesBuildPhase;
			buildActionMask = 2147483647;
			files = (
			);
			runOnlyForDeploymentPostprocessing = 0;
		};
/* End PBXResourcesBuildPhase section */

/* Begin PBXShellScriptBuildPhase section */
		02EDCF7E1ECF5D00000B705B /* Run Script SwiftLint */ = {
			isa = PBXShellScriptBuildPhase;
			buildActionMask = 2147483647;
			files = (
			);
			inputPaths = (
			);
			name = "Run Script SwiftLint";
			outputPaths = (
			);
			runOnlyForDeploymentPostprocessing = 0;
			shellPath = /bin/sh;
			shellScript = "${PODS_ROOT}/SwiftLint/swiftlint";
		};
		AA7E73A79AC3A0164C812773 /* [CP] Check Pods Manifest.lock */ = {
			isa = PBXShellScriptBuildPhase;
			buildActionMask = 2147483647;
			files = (
			);
			inputPaths = (
			);
			name = "[CP] Check Pods Manifest.lock";
			outputPaths = (
			);
			runOnlyForDeploymentPostprocessing = 0;
			shellPath = /bin/sh;
			shellScript = "diff \"${PODS_PODFILE_DIR_PATH}/Podfile.lock\" \"${PODS_ROOT}/Manifest.lock\" > /dev/null\nif [ $? != 0 ] ; then\n    # print error to STDERR\n    echo \"error: The sandbox is not in sync with the Podfile.lock. Run 'pod install' or update your CocoaPods installation.\" >&2\n    exit 1\nfi\n";
			showEnvVarsInLog = 0;
		};
		ACD6ABCC619E4E7AE0CA7BDA /* [CP] Embed Pods Frameworks */ = {
			isa = PBXShellScriptBuildPhase;
			buildActionMask = 2147483647;
			files = (
			);
			inputPaths = (
			);
			name = "[CP] Embed Pods Frameworks";
			outputPaths = (
			);
			runOnlyForDeploymentPostprocessing = 0;
			shellPath = /bin/sh;
			shellScript = "\"${SRCROOT}/Pods/Target Support Files/Pods-All-Example/Pods-All-Example-frameworks.sh\"\n";
			showEnvVarsInLog = 0;
		};
		C2BD58DC5FFB8FC9E6BC9B99 /* [CP] Copy Pods Resources */ = {
			isa = PBXShellScriptBuildPhase;
			buildActionMask = 2147483647;
			files = (
			);
			inputPaths = (
			);
			name = "[CP] Copy Pods Resources";
			outputPaths = (
			);
			runOnlyForDeploymentPostprocessing = 0;
			shellPath = /bin/sh;
			shellScript = "\"${SRCROOT}/Pods/Target Support Files/Pods-All-Example/Pods-All-Example-resources.sh\"\n";
			showEnvVarsInLog = 0;
		};
		C85815CB9F811BAA4CB5F95E /* [CP] Embed Pods Frameworks */ = {
			isa = PBXShellScriptBuildPhase;
			buildActionMask = 2147483647;
			files = (
			);
			inputPaths = (
			);
			name = "[CP] Embed Pods Frameworks";
			outputPaths = (
			);
			runOnlyForDeploymentPostprocessing = 0;
			shellPath = /bin/sh;
			shellScript = "\"${SRCROOT}/Pods/Target Support Files/Pods-All-ExampleTests/Pods-All-ExampleTests-frameworks.sh\"\n";
			showEnvVarsInLog = 0;
		};
		CE769CAF1ED1450D00CA619F /* Run Script Carthage */ = {
			isa = PBXShellScriptBuildPhase;
			buildActionMask = 2147483647;
			files = (
			);
			inputPaths = (
				"$(SRCROOT)/Carthage/Build/iOS/RxSwift.framework",
				"$(SRCROOT)/Carthage/Build/iOS/Alamofire.framework",
				"$(SRCROOT)/Carthage/Build/iOS/Unbox.framework",
				"$(SRCROOT)/Carthage/Build/iOS/Realm.framework",
				"$(SRCROOT)/Carthage/Build/iOS/RealmSwift.framework",
			);
			name = "Run Script Carthage";
			outputPaths = (
			);
			runOnlyForDeploymentPostprocessing = 0;
			shellPath = /bin/sh;
			shellScript = "/usr/local/bin/carthage copy-frameworks";
		};
		D0B2CA6CB8DD4154D39CA87B /* [CP] Copy Pods Resources */ = {
			isa = PBXShellScriptBuildPhase;
			buildActionMask = 2147483647;
			files = (
			);
			inputPaths = (
			);
			name = "[CP] Copy Pods Resources";
			outputPaths = (
			);
			runOnlyForDeploymentPostprocessing = 0;
			shellPath = /bin/sh;
			shellScript = "\"${SRCROOT}/Pods/Target Support Files/Pods-All-ExampleTests/Pods-All-ExampleTests-resources.sh\"\n";
			showEnvVarsInLog = 0;
		};
		EF5AC1D42E316C8830C46DB8 /* [CP] Check Pods Manifest.lock */ = {
			isa = PBXShellScriptBuildPhase;
			buildActionMask = 2147483647;
			files = (
			);
			inputPaths = (
			);
			name = "[CP] Check Pods Manifest.lock";
			outputPaths = (
			);
			runOnlyForDeploymentPostprocessing = 0;
			shellPath = /bin/sh;
			shellScript = "diff \"${PODS_PODFILE_DIR_PATH}/Podfile.lock\" \"${PODS_ROOT}/Manifest.lock\" > /dev/null\nif [ $? != 0 ] ; then\n    # print error to STDERR\n    echo \"error: The sandbox is not in sync with the Podfile.lock. Run 'pod install' or update your CocoaPods installation.\" >&2\n    exit 1\nfi\n";
			showEnvVarsInLog = 0;
		};
/* End PBXShellScriptBuildPhase section */

/* Begin PBXSourcesBuildPhase section */
		02AABC151ECF53110074E9E8 /* Sources */ = {
			isa = PBXSourcesBuildPhase;
			buildActionMask = 2147483647;
			files = (
				4385F2131EF166140030F935 /* AppDelegate.swift in Sources */,
			);
			runOnlyForDeploymentPostprocessing = 0;
		};
		4358939C1EF169F00093EB5C /* Sources */ = {
			isa = PBXSourcesBuildPhase;
			buildActionMask = 2147483647;
			files = (
				435893D11EF16B140093EB5C /* RealmClient.swift in Sources */,
				435893D31EF16B140093EB5C /* Sample.swift in Sources */,
				435893CF1EF16B140093EB5C /* APIRequest.swift in Sources */,
				435893D21EF16B140093EB5C /* RealmConfig.swift in Sources */,
				435893CE1EF16B140093EB5C /* APIClient.swift in Sources */,
				435893D01EF16B140093EB5C /* APIRequestParameter.swift in Sources */,
			);
			runOnlyForDeploymentPostprocessing = 0;
		};
		435893A51EF169F00093EB5C /* Sources */ = {
			isa = PBXSourcesBuildPhase;
			buildActionMask = 2147483647;
			files = (
				435893E01EF16BB60093EB5C /* APIClientSpec.swift in Sources */,
				435893E21EF16BB60093EB5C /* DataSpec.swift in Sources */,
				435893E11EF16BB60093EB5C /* APIRequestSpec.swift in Sources */,
			);
			runOnlyForDeploymentPostprocessing = 0;
		};
		435893F81EF16EBA0093EB5C /* Sources */ = {
			isa = PBXSourcesBuildPhase;
			buildActionMask = 2147483647;
			files = (
				435894071EF16EF70093EB5C /* ExampleSpec.swift in Sources */,
			);
			runOnlyForDeploymentPostprocessing = 0;
		};
		435894351EF171F70093EB5C /* Sources */ = {
			isa = PBXSourcesBuildPhase;
			buildActionMask = 2147483647;
			files = (
				4358945C1EF172380093EB5C /* ListItem.swift in Sources */,
				4358945B1EF172380093EB5C /* Article.swift in Sources */,
			);
			runOnlyForDeploymentPostprocessing = 0;
		};
		4358943E1EF171F70093EB5C /* Sources */ = {
			isa = PBXSourcesBuildPhase;
			buildActionMask = 2147483647;
			files = (
				435894611EF1728E0093EB5C /* DomainSpec.swift in Sources */,
			);
			runOnlyForDeploymentPostprocessing = 0;
		};
		435894671EF174420093EB5C /* Sources */ = {
			isa = PBXSourcesBuildPhase;
			buildActionMask = 2147483647;
			files = (
				4358949A1EF174D70093EB5C /* ListViewController.swift in Sources */,
				435894981EF174D70093EB5C /* ListPresenter.swift in Sources */,
			);
			runOnlyForDeploymentPostprocessing = 0;
		};
		435894701EF174420093EB5C /* Sources */ = {
			isa = PBXSourcesBuildPhase;
			buildActionMask = 2147483647;
			files = (
				4358949C1EF174FB0093EB5C /* PresentationSpec.swift in Sources */,
			);
			runOnlyForDeploymentPostprocessing = 0;
		};
/* End PBXSourcesBuildPhase section */

/* Begin PBXTargetDependency section */
		435893AC1EF169F00093EB5C /* PBXTargetDependency */ = {
			isa = PBXTargetDependency;
			target = 435893A01EF169F00093EB5C /* Data */;
			targetProxy = 435893AB1EF169F00093EB5C /* PBXContainerItemProxy */;
		};
		435893AE1EF169F00093EB5C /* PBXTargetDependency */ = {
			isa = PBXTargetDependency;
			target = 02AABC181ECF53110074E9E8 /* Example */;
			targetProxy = 435893AD1EF169F00093EB5C /* PBXContainerItemProxy */;
		};
		435893B51EF169F00093EB5C /* PBXTargetDependency */ = {
			isa = PBXTargetDependency;
			target = 435893A01EF169F00093EB5C /* Data */;
			targetProxy = 435893B41EF169F00093EB5C /* PBXContainerItemProxy */;
		};
		435894021EF16EBA0093EB5C /* PBXTargetDependency */ = {
			isa = PBXTargetDependency;
			target = 02AABC181ECF53110074E9E8 /* Example */;
			targetProxy = 435894011EF16EBA0093EB5C /* PBXContainerItemProxy */;
		};
		435894451EF171F70093EB5C /* PBXTargetDependency */ = {
			isa = PBXTargetDependency;
			target = 435894391EF171F70093EB5C /* Domain */;
			targetProxy = 435894441EF171F70093EB5C /* PBXContainerItemProxy */;
		};
		435894471EF171F70093EB5C /* PBXTargetDependency */ = {
			isa = PBXTargetDependency;
			target = 02AABC181ECF53110074E9E8 /* Example */;
			targetProxy = 435894461EF171F70093EB5C /* PBXContainerItemProxy */;
		};
		4358944E1EF171F70093EB5C /* PBXTargetDependency */ = {
			isa = PBXTargetDependency;
			target = 435894391EF171F70093EB5C /* Domain */;
			targetProxy = 4358944D1EF171F70093EB5C /* PBXContainerItemProxy */;
		};
		435894771EF174420093EB5C /* PBXTargetDependency */ = {
			isa = PBXTargetDependency;
			target = 4358946B1EF174420093EB5C /* Presentation */;
			targetProxy = 435894761EF174420093EB5C /* PBXContainerItemProxy */;
		};
		435894791EF174420093EB5C /* PBXTargetDependency */ = {
			isa = PBXTargetDependency;
			target = 02AABC181ECF53110074E9E8 /* Example */;
			targetProxy = 435894781EF174420093EB5C /* PBXContainerItemProxy */;
		};
		435894801EF174420093EB5C /* PBXTargetDependency */ = {
			isa = PBXTargetDependency;
			target = 4358946B1EF174420093EB5C /* Presentation */;
			targetProxy = 4358947F1EF174420093EB5C /* PBXContainerItemProxy */;
		};
/* End PBXTargetDependency section */

/* Begin PBXVariantGroup section */
		4358939A1EF169290093EB5C /* Launch Screen.storyboard */ = {
			isa = PBXVariantGroup;
			children = (
				435893991EF169290093EB5C /* Base */,
				4358939B1EF169670093EB5C /* ja */,
			);
			name = "Launch Screen.storyboard";
			path = Example;
			sourceTree = SOURCE_ROOT;
		};
/* End PBXVariantGroup section */

/* Begin XCBuildConfiguration section */
		02AABC341ECF53110074E9E8 /* Debug */ = {
			isa = XCBuildConfiguration;
			buildSettings = {
				ALWAYS_SEARCH_USER_PATHS = NO;
				CLANG_ANALYZER_LOCALIZABILITY_NONLOCALIZED = YES;
				CLANG_ANALYZER_NONNULL = YES;
				CLANG_ANALYZER_NUMBER_OBJECT_CONVERSION = YES_AGGRESSIVE;
				CLANG_CXX_LANGUAGE_STANDARD = "gnu++0x";
				CLANG_CXX_LIBRARY = "libc++";
				CLANG_ENABLE_MODULES = YES;
				CLANG_ENABLE_OBJC_ARC = YES;
				CLANG_WARN_BOOL_CONVERSION = YES;
				CLANG_WARN_CONSTANT_CONVERSION = YES;
				CLANG_WARN_DIRECT_OBJC_ISA_USAGE = YES_ERROR;
				CLANG_WARN_DOCUMENTATION_COMMENTS = YES;
				CLANG_WARN_EMPTY_BODY = YES;
				CLANG_WARN_ENUM_CONVERSION = YES;
				CLANG_WARN_INFINITE_RECURSION = YES;
				CLANG_WARN_INT_CONVERSION = YES;
				CLANG_WARN_OBJC_ROOT_CLASS = YES_ERROR;
				CLANG_WARN_SUSPICIOUS_MOVE = YES;
				CLANG_WARN_UNREACHABLE_CODE = YES;
				CLANG_WARN__DUPLICATE_METHOD_MATCH = YES;
				"CODE_SIGN_IDENTITY[sdk=iphoneos*]" = "iPhone Developer";
				COPY_PHASE_STRIP = NO;
				DEBUG_INFORMATION_FORMAT = dwarf;
				ENABLE_BITCODE = NO;
				ENABLE_STRICT_OBJC_MSGSEND = YES;
				ENABLE_TESTABILITY = YES;
				GCC_C_LANGUAGE_STANDARD = gnu99;
				GCC_DYNAMIC_NO_PIC = NO;
				GCC_NO_COMMON_BLOCKS = YES;
				GCC_OPTIMIZATION_LEVEL = 0;
				GCC_PREPROCESSOR_DEFINITIONS = (
					"DEBUG=1",
					"$(inherited)",
				);
				GCC_WARN_64_TO_32_BIT_CONVERSION = YES;
				GCC_WARN_ABOUT_RETURN_TYPE = YES_ERROR;
				GCC_WARN_UNDECLARED_SELECTOR = YES;
				GCC_WARN_UNINITIALIZED_AUTOS = YES_AGGRESSIVE;
				GCC_WARN_UNUSED_FUNCTION = YES;
				GCC_WARN_UNUSED_VARIABLE = YES;
				IPHONEOS_DEPLOYMENT_TARGET = 10.0;
				MTL_ENABLE_DEBUG_INFO = YES;
				ONLY_ACTIVE_ARCH = YES;
				SDKROOT = iphoneos;
				SWIFT_ACTIVE_COMPILATION_CONDITIONS = DEBUG;
				SWIFT_OPTIMIZATION_LEVEL = "-Onone";
				TARGETED_DEVICE_FAMILY = "1,2";
			};
			name = Debug;
		};
		02AABC351ECF53110074E9E8 /* Release */ = {
			isa = XCBuildConfiguration;
			buildSettings = {
				ALWAYS_SEARCH_USER_PATHS = NO;
				CLANG_ANALYZER_LOCALIZABILITY_NONLOCALIZED = YES;
				CLANG_ANALYZER_NONNULL = YES;
				CLANG_ANALYZER_NUMBER_OBJECT_CONVERSION = YES_AGGRESSIVE;
				CLANG_CXX_LANGUAGE_STANDARD = "gnu++0x";
				CLANG_CXX_LIBRARY = "libc++";
				CLANG_ENABLE_MODULES = YES;
				CLANG_ENABLE_OBJC_ARC = YES;
				CLANG_WARN_BOOL_CONVERSION = YES;
				CLANG_WARN_CONSTANT_CONVERSION = YES;
				CLANG_WARN_DIRECT_OBJC_ISA_USAGE = YES_ERROR;
				CLANG_WARN_DOCUMENTATION_COMMENTS = YES;
				CLANG_WARN_EMPTY_BODY = YES;
				CLANG_WARN_ENUM_CONVERSION = YES;
				CLANG_WARN_INFINITE_RECURSION = YES;
				CLANG_WARN_INT_CONVERSION = YES;
				CLANG_WARN_OBJC_ROOT_CLASS = YES_ERROR;
				CLANG_WARN_SUSPICIOUS_MOVE = YES;
				CLANG_WARN_UNREACHABLE_CODE = YES;
				CLANG_WARN__DUPLICATE_METHOD_MATCH = YES;
				"CODE_SIGN_IDENTITY[sdk=iphoneos*]" = "iPhone Developer";
				COPY_PHASE_STRIP = NO;
				DEBUG_INFORMATION_FORMAT = "dwarf-with-dsym";
				ENABLE_BITCODE = NO;
				ENABLE_NS_ASSERTIONS = NO;
				ENABLE_STRICT_OBJC_MSGSEND = YES;
				GCC_C_LANGUAGE_STANDARD = gnu99;
				GCC_NO_COMMON_BLOCKS = YES;
				GCC_WARN_64_TO_32_BIT_CONVERSION = YES;
				GCC_WARN_ABOUT_RETURN_TYPE = YES_ERROR;
				GCC_WARN_UNDECLARED_SELECTOR = YES;
				GCC_WARN_UNINITIALIZED_AUTOS = YES_AGGRESSIVE;
				GCC_WARN_UNUSED_FUNCTION = YES;
				GCC_WARN_UNUSED_VARIABLE = YES;
				IPHONEOS_DEPLOYMENT_TARGET = 10.0;
				MTL_ENABLE_DEBUG_INFO = NO;
				SDKROOT = iphoneos;
				SWIFT_OPTIMIZATION_LEVEL = "-Owholemodule";
				TARGETED_DEVICE_FAMILY = "1,2";
				VALIDATE_PRODUCT = YES;
			};
			name = Release;
		};
		02AABC371ECF53110074E9E8 /* Debug */ = {
			isa = XCBuildConfiguration;
			baseConfigurationReference = B2097A3CDE2D50A1D3F67FBD /* Pods-All-Example.debug.xcconfig */;
			buildSettings = {
				ALWAYS_EMBED_SWIFT_STANDARD_LIBRARIES = YES;
				ASSETCATALOG_COMPILER_APPICON_NAME = AppIcon;
				DEVELOPMENT_TEAM = 9Y6KN5AA6R;
				FRAMEWORK_SEARCH_PATHS = (
					"$(inherited)",
					"$(PROJECT_DIR)/Carthage/Build/iOS",
				);
				INFOPLIST_FILE = Example/Info.plist;
				LD_RUNPATH_SEARCH_PATHS = "$(inherited) @executable_path/Frameworks";
				PRODUCT_BUNDLE_IDENTIFIER = com.rychhr.boilerplate;
				PRODUCT_NAME = "$(TARGET_NAME)";
				SWIFT_VERSION = 3.0;
			};
			name = Debug;
		};
		02AABC381ECF53110074E9E8 /* Release */ = {
			isa = XCBuildConfiguration;
			baseConfigurationReference = 514825C4663FB740263FB485 /* Pods-All-Example.release.xcconfig */;
			buildSettings = {
				ALWAYS_EMBED_SWIFT_STANDARD_LIBRARIES = YES;
				ASSETCATALOG_COMPILER_APPICON_NAME = AppIcon;
				DEVELOPMENT_TEAM = 9Y6KN5AA6R;
				FRAMEWORK_SEARCH_PATHS = (
					"$(inherited)",
					"$(PROJECT_DIR)/Carthage/Build/iOS",
				);
				INFOPLIST_FILE = Example/Info.plist;
				LD_RUNPATH_SEARCH_PATHS = "$(inherited) @executable_path/Frameworks";
				PRODUCT_BUNDLE_IDENTIFIER = com.rychhr.boilerplate;
				PRODUCT_NAME = "$(TARGET_NAME)";
				SWIFT_VERSION = 3.0;
			};
			name = Release;
		};
		435893B91EF169F00093EB5C /* Debug */ = {
			isa = XCBuildConfiguration;
			buildSettings = {
				CLANG_ENABLE_MODULES = YES;
				CODE_SIGN_IDENTITY = "";
				CURRENT_PROJECT_VERSION = 1;
				DEFINES_MODULE = YES;
				DEVELOPMENT_TEAM = 9Y6KN5AA6R;
				DYLIB_COMPATIBILITY_VERSION = 1;
				DYLIB_CURRENT_VERSION = 1;
				DYLIB_INSTALL_NAME_BASE = "@rpath";
				FRAMEWORK_SEARCH_PATHS = (
					"$(inherited)",
					"$(PROJECT_DIR)/Carthage/Build/iOS",
				);
				INFOPLIST_FILE = Data/Info.plist;
				INSTALL_PATH = "$(LOCAL_LIBRARY_DIR)/Frameworks";
				IPHONEOS_DEPLOYMENT_TARGET = 10.0;
				LD_RUNPATH_SEARCH_PATHS = "$(inherited) @executable_path/Frameworks @loader_path/Frameworks";
				PRODUCT_BUNDLE_IDENTIFIER = com.rychhr.Data;
				PRODUCT_NAME = "$(TARGET_NAME)";
				SKIP_INSTALL = YES;
				SWIFT_OPTIMIZATION_LEVEL = "-Onone";
				SWIFT_VERSION = 3.0;
				VERSIONING_SYSTEM = "apple-generic";
				VERSION_INFO_PREFIX = "";
			};
			name = Debug;
		};
		435893BA1EF169F00093EB5C /* Release */ = {
			isa = XCBuildConfiguration;
			buildSettings = {
				CLANG_ENABLE_MODULES = YES;
				CODE_SIGN_IDENTITY = "";
				CURRENT_PROJECT_VERSION = 1;
				DEFINES_MODULE = YES;
				DEVELOPMENT_TEAM = 9Y6KN5AA6R;
				DYLIB_COMPATIBILITY_VERSION = 1;
				DYLIB_CURRENT_VERSION = 1;
				DYLIB_INSTALL_NAME_BASE = "@rpath";
				FRAMEWORK_SEARCH_PATHS = (
					"$(inherited)",
					"$(PROJECT_DIR)/Carthage/Build/iOS",
				);
				INFOPLIST_FILE = Data/Info.plist;
				INSTALL_PATH = "$(LOCAL_LIBRARY_DIR)/Frameworks";
				IPHONEOS_DEPLOYMENT_TARGET = 10.0;
				LD_RUNPATH_SEARCH_PATHS = "$(inherited) @executable_path/Frameworks @loader_path/Frameworks";
				PRODUCT_BUNDLE_IDENTIFIER = com.rychhr.Data;
				PRODUCT_NAME = "$(TARGET_NAME)";
				SKIP_INSTALL = YES;
				SWIFT_VERSION = 3.0;
				VERSIONING_SYSTEM = "apple-generic";
				VERSION_INFO_PREFIX = "";
			};
			name = Release;
		};
		435893BC1EF169F00093EB5C /* Debug */ = {
			isa = XCBuildConfiguration;
			buildSettings = {
				ALWAYS_EMBED_SWIFT_STANDARD_LIBRARIES = YES;
				CLANG_ENABLE_MODULES = YES;
				DEVELOPMENT_TEAM = 9Y6KN5AA6R;
				FRAMEWORK_SEARCH_PATHS = (
					"$(inherited)",
					"$(PROJECT_DIR)/Carthage/Build/iOS",
				);
				INFOPLIST_FILE = DataTests/Info.plist;
				IPHONEOS_DEPLOYMENT_TARGET = 10.3;
				LD_RUNPATH_SEARCH_PATHS = "$(inherited) @executable_path/Frameworks @loader_path/Frameworks";
				PRODUCT_BUNDLE_IDENTIFIER = com.rychhr.DataTests;
				PRODUCT_NAME = "$(TARGET_NAME)";
				SWIFT_OPTIMIZATION_LEVEL = "-Onone";
				SWIFT_VERSION = 3.0;
				TEST_HOST = "$(BUILT_PRODUCTS_DIR)/Example.app/Example";
			};
			name = Debug;
		};
		435893BD1EF169F00093EB5C /* Release */ = {
			isa = XCBuildConfiguration;
			buildSettings = {
				ALWAYS_EMBED_SWIFT_STANDARD_LIBRARIES = YES;
				CLANG_ENABLE_MODULES = YES;
				DEVELOPMENT_TEAM = 9Y6KN5AA6R;
				FRAMEWORK_SEARCH_PATHS = (
					"$(inherited)",
					"$(PROJECT_DIR)/Carthage/Build/iOS",
				);
				INFOPLIST_FILE = DataTests/Info.plist;
				IPHONEOS_DEPLOYMENT_TARGET = 10.3;
				LD_RUNPATH_SEARCH_PATHS = "$(inherited) @executable_path/Frameworks @loader_path/Frameworks";
				PRODUCT_BUNDLE_IDENTIFIER = com.rychhr.DataTests;
				PRODUCT_NAME = "$(TARGET_NAME)";
				SWIFT_VERSION = 3.0;
				TEST_HOST = "$(BUILT_PRODUCTS_DIR)/Example.app/Example";
			};
			name = Release;
		};
		435894041EF16EBA0093EB5C /* Debug */ = {
			isa = XCBuildConfiguration;
			baseConfigurationReference = 881B52B59C27F1A02DE42316 /* Pods-All-ExampleTests.debug.xcconfig */;
			buildSettings = {
				BUNDLE_LOADER = "$(TEST_HOST)";
				DEVELOPMENT_TEAM = 9Y6KN5AA6R;
				FRAMEWORK_SEARCH_PATHS = (
					"$(inherited)",
					"$(PROJECT_DIR)/Carthage/Build/iOS",
				);
				INFOPLIST_FILE = ExampleTests/Info.plist;
				IPHONEOS_DEPLOYMENT_TARGET = 10.3;
				LD_RUNPATH_SEARCH_PATHS = "$(inherited) @executable_path/Frameworks @loader_path/Frameworks";
				PRODUCT_BUNDLE_IDENTIFIER = com.rychhr.ExampleTests;
				PRODUCT_NAME = "$(TARGET_NAME)";
				SWIFT_VERSION = 3.0;
				TEST_HOST = "$(BUILT_PRODUCTS_DIR)/Example.app/Example";
			};
			name = Debug;
		};
		435894051EF16EBA0093EB5C /* Release */ = {
			isa = XCBuildConfiguration;
			baseConfigurationReference = 01F9E52988BC611034190AB8 /* Pods-All-ExampleTests.release.xcconfig */;
			buildSettings = {
				BUNDLE_LOADER = "$(TEST_HOST)";
				DEVELOPMENT_TEAM = 9Y6KN5AA6R;
				FRAMEWORK_SEARCH_PATHS = (
					"$(inherited)",
					"$(PROJECT_DIR)/Carthage/Build/iOS",
				);
				INFOPLIST_FILE = ExampleTests/Info.plist;
				IPHONEOS_DEPLOYMENT_TARGET = 10.3;
				LD_RUNPATH_SEARCH_PATHS = "$(inherited) @executable_path/Frameworks @loader_path/Frameworks";
				PRODUCT_BUNDLE_IDENTIFIER = com.rychhr.ExampleTests;
				PRODUCT_NAME = "$(TARGET_NAME)";
				SWIFT_VERSION = 3.0;
				TEST_HOST = "$(BUILT_PRODUCTS_DIR)/Example.app/Example";
			};
			name = Release;
		};
		435894511EF171F70093EB5C /* Debug */ = {
			isa = XCBuildConfiguration;
			buildSettings = {
				CLANG_ENABLE_MODULES = YES;
				CODE_SIGN_IDENTITY = "";
				CURRENT_PROJECT_VERSION = 1;
				DEFINES_MODULE = YES;
				DEVELOPMENT_TEAM = 9Y6KN5AA6R;
				DYLIB_COMPATIBILITY_VERSION = 1;
				DYLIB_CURRENT_VERSION = 1;
				DYLIB_INSTALL_NAME_BASE = "@rpath";
				FRAMEWORK_SEARCH_PATHS = (
					"$(inherited)",
					"$(PROJECT_DIR)/Carthage/Build/iOS",
				);
				INFOPLIST_FILE = Domain/Info.plist;
				INSTALL_PATH = "$(LOCAL_LIBRARY_DIR)/Frameworks";
				IPHONEOS_DEPLOYMENT_TARGET = 10.0;
				LD_RUNPATH_SEARCH_PATHS = "$(inherited) @executable_path/Frameworks @loader_path/Frameworks";
				PRODUCT_BUNDLE_IDENTIFIER = com.rychhr.Domain;
				PRODUCT_NAME = "$(TARGET_NAME)";
				SKIP_INSTALL = YES;
				SWIFT_OPTIMIZATION_LEVEL = "-Onone";
				SWIFT_VERSION = 3.0;
				VERSIONING_SYSTEM = "apple-generic";
				VERSION_INFO_PREFIX = "";
			};
			name = Debug;
		};
		435894521EF171F70093EB5C /* Release */ = {
			isa = XCBuildConfiguration;
			buildSettings = {
				CLANG_ENABLE_MODULES = YES;
				CODE_SIGN_IDENTITY = "";
				CURRENT_PROJECT_VERSION = 1;
				DEFINES_MODULE = YES;
				DEVELOPMENT_TEAM = 9Y6KN5AA6R;
				DYLIB_COMPATIBILITY_VERSION = 1;
				DYLIB_CURRENT_VERSION = 1;
				DYLIB_INSTALL_NAME_BASE = "@rpath";
				FRAMEWORK_SEARCH_PATHS = (
					"$(inherited)",
					"$(PROJECT_DIR)/Carthage/Build/iOS",
				);
				INFOPLIST_FILE = Domain/Info.plist;
				INSTALL_PATH = "$(LOCAL_LIBRARY_DIR)/Frameworks";
				IPHONEOS_DEPLOYMENT_TARGET = 10.0;
				LD_RUNPATH_SEARCH_PATHS = "$(inherited) @executable_path/Frameworks @loader_path/Frameworks";
				PRODUCT_BUNDLE_IDENTIFIER = com.rychhr.Domain;
				PRODUCT_NAME = "$(TARGET_NAME)";
				SKIP_INSTALL = YES;
				SWIFT_VERSION = 3.0;
				VERSIONING_SYSTEM = "apple-generic";
				VERSION_INFO_PREFIX = "";
			};
			name = Release;
		};
		435894531EF171F70093EB5C /* Debug */ = {
			isa = XCBuildConfiguration;
			buildSettings = {
				ALWAYS_EMBED_SWIFT_STANDARD_LIBRARIES = YES;
				DEVELOPMENT_TEAM = 9Y6KN5AA6R;
				FRAMEWORK_SEARCH_PATHS = (
					"$(inherited)",
					"$(PROJECT_DIR)/Carthage/Build/iOS",
				);
				INFOPLIST_FILE = DomainTests/Info.plist;
				IPHONEOS_DEPLOYMENT_TARGET = 10.3;
				LD_RUNPATH_SEARCH_PATHS = "$(inherited) @executable_path/Frameworks @loader_path/Frameworks";
				PRODUCT_BUNDLE_IDENTIFIER = com.rychhr.DomainTests;
				PRODUCT_NAME = "$(TARGET_NAME)";
				SWIFT_VERSION = 3.0;
				TEST_HOST = "$(BUILT_PRODUCTS_DIR)/Example.app/Example";
			};
			name = Debug;
		};
		435894541EF171F70093EB5C /* Release */ = {
			isa = XCBuildConfiguration;
			buildSettings = {
				ALWAYS_EMBED_SWIFT_STANDARD_LIBRARIES = YES;
				DEVELOPMENT_TEAM = 9Y6KN5AA6R;
				FRAMEWORK_SEARCH_PATHS = (
					"$(inherited)",
					"$(PROJECT_DIR)/Carthage/Build/iOS",
				);
				INFOPLIST_FILE = DomainTests/Info.plist;
				IPHONEOS_DEPLOYMENT_TARGET = 10.3;
				LD_RUNPATH_SEARCH_PATHS = "$(inherited) @executable_path/Frameworks @loader_path/Frameworks";
				PRODUCT_BUNDLE_IDENTIFIER = com.rychhr.DomainTests;
				PRODUCT_NAME = "$(TARGET_NAME)";
				SWIFT_VERSION = 3.0;
				TEST_HOST = "$(BUILT_PRODUCTS_DIR)/Example.app/Example";
			};
			name = Release;
		};
		435894841EF174420093EB5C /* Debug */ = {
			isa = XCBuildConfiguration;
			buildSettings = {
				CODE_SIGN_IDENTITY = "";
				CURRENT_PROJECT_VERSION = 1;
				DEFINES_MODULE = YES;
				DEVELOPMENT_TEAM = 9Y6KN5AA6R;
				DYLIB_COMPATIBILITY_VERSION = 1;
				DYLIB_CURRENT_VERSION = 1;
				DYLIB_INSTALL_NAME_BASE = "@rpath";
				FRAMEWORK_SEARCH_PATHS = (
					"$(inherited)",
					"$(PROJECT_DIR)/Carthage/Build/iOS",
				);
				INFOPLIST_FILE = Presentation/Info.plist;
				INSTALL_PATH = "$(LOCAL_LIBRARY_DIR)/Frameworks";
				IPHONEOS_DEPLOYMENT_TARGET = 10.0;
				LD_RUNPATH_SEARCH_PATHS = "$(inherited) @executable_path/Frameworks @loader_path/Frameworks";
				PRODUCT_BUNDLE_IDENTIFIER = com.rychhr.Presentation;
				PRODUCT_NAME = "$(TARGET_NAME)";
				SKIP_INSTALL = YES;
				SWIFT_VERSION = 3.0;
				VERSIONING_SYSTEM = "apple-generic";
				VERSION_INFO_PREFIX = "";
			};
			name = Debug;
		};
		435894851EF174420093EB5C /* Release */ = {
			isa = XCBuildConfiguration;
			buildSettings = {
				CODE_SIGN_IDENTITY = "";
				CURRENT_PROJECT_VERSION = 1;
				DEFINES_MODULE = YES;
				DEVELOPMENT_TEAM = 9Y6KN5AA6R;
				DYLIB_COMPATIBILITY_VERSION = 1;
				DYLIB_CURRENT_VERSION = 1;
				DYLIB_INSTALL_NAME_BASE = "@rpath";
				FRAMEWORK_SEARCH_PATHS = (
					"$(inherited)",
					"$(PROJECT_DIR)/Carthage/Build/iOS",
				);
				INFOPLIST_FILE = Presentation/Info.plist;
				INSTALL_PATH = "$(LOCAL_LIBRARY_DIR)/Frameworks";
				IPHONEOS_DEPLOYMENT_TARGET = 10.0;
				LD_RUNPATH_SEARCH_PATHS = "$(inherited) @executable_path/Frameworks @loader_path/Frameworks";
				PRODUCT_BUNDLE_IDENTIFIER = com.rychhr.Presentation;
				PRODUCT_NAME = "$(TARGET_NAME)";
				SKIP_INSTALL = YES;
				SWIFT_VERSION = 3.0;
				VERSIONING_SYSTEM = "apple-generic";
				VERSION_INFO_PREFIX = "";
			};
			name = Release;
		};
		435894871EF174420093EB5C /* Debug */ = {
			isa = XCBuildConfiguration;
			buildSettings = {
				ALWAYS_EMBED_SWIFT_STANDARD_LIBRARIES = YES;
				DEVELOPMENT_TEAM = 9Y6KN5AA6R;
				FRAMEWORK_SEARCH_PATHS = (
					"$(inherited)",
					"$(PROJECT_DIR)/Carthage/Build/iOS",
				);
				INFOPLIST_FILE = PresentationTests/Info.plist;
				IPHONEOS_DEPLOYMENT_TARGET = 10.3;
				LD_RUNPATH_SEARCH_PATHS = "$(inherited) @executable_path/Frameworks @loader_path/Frameworks";
				PRODUCT_BUNDLE_IDENTIFIER = com.rychhr.PresentationTests;
				PRODUCT_NAME = "$(TARGET_NAME)";
				SWIFT_VERSION = 3.0;
				TEST_HOST = "$(BUILT_PRODUCTS_DIR)/Example.app/Example";
			};
			name = Debug;
		};
		435894881EF174420093EB5C /* Release */ = {
			isa = XCBuildConfiguration;
			buildSettings = {
				ALWAYS_EMBED_SWIFT_STANDARD_LIBRARIES = YES;
				DEVELOPMENT_TEAM = 9Y6KN5AA6R;
				FRAMEWORK_SEARCH_PATHS = (
					"$(inherited)",
					"$(PROJECT_DIR)/Carthage/Build/iOS",
				);
				INFOPLIST_FILE = PresentationTests/Info.plist;
				IPHONEOS_DEPLOYMENT_TARGET = 10.3;
				LD_RUNPATH_SEARCH_PATHS = "$(inherited) @executable_path/Frameworks @loader_path/Frameworks";
				PRODUCT_BUNDLE_IDENTIFIER = com.rychhr.PresentationTests;
				PRODUCT_NAME = "$(TARGET_NAME)";
				SWIFT_VERSION = 3.0;
				TEST_HOST = "$(BUILT_PRODUCTS_DIR)/Example.app/Example";
			};
			name = Release;
		};
/* End XCBuildConfiguration section */

/* Begin XCConfigurationList section */
		02AABC141ECF53110074E9E8 /* Build configuration list for PBXProject "Example" */ = {
			isa = XCConfigurationList;
			buildConfigurations = (
				02AABC341ECF53110074E9E8 /* Debug */,
				02AABC351ECF53110074E9E8 /* Release */,
			);
			defaultConfigurationIsVisible = 0;
			defaultConfigurationName = Release;
		};
		02AABC361ECF53110074E9E8 /* Build configuration list for PBXNativeTarget "Example" */ = {
			isa = XCConfigurationList;
			buildConfigurations = (
				02AABC371ECF53110074E9E8 /* Debug */,
				02AABC381ECF53110074E9E8 /* Release */,
			);
			defaultConfigurationIsVisible = 0;
			defaultConfigurationName = Release;
		};
		435893B81EF169F00093EB5C /* Build configuration list for PBXNativeTarget "Data" */ = {
			isa = XCConfigurationList;
			buildConfigurations = (
				435893B91EF169F00093EB5C /* Debug */,
				435893BA1EF169F00093EB5C /* Release */,
			);
			defaultConfigurationIsVisible = 0;
			defaultConfigurationName = Release;
		};
		435893BB1EF169F00093EB5C /* Build configuration list for PBXNativeTarget "DataTests" */ = {
			isa = XCConfigurationList;
			buildConfigurations = (
				435893BC1EF169F00093EB5C /* Debug */,
				435893BD1EF169F00093EB5C /* Release */,
			);
			defaultConfigurationIsVisible = 0;
			defaultConfigurationName = Release;
		};
		435894031EF16EBA0093EB5C /* Build configuration list for PBXNativeTarget "ExampleTests" */ = {
			isa = XCConfigurationList;
			buildConfigurations = (
				435894041EF16EBA0093EB5C /* Debug */,
				435894051EF16EBA0093EB5C /* Release */,
			);
			defaultConfigurationIsVisible = 0;
			defaultConfigurationName = Release;
		};
		435894551EF171F70093EB5C /* Build configuration list for PBXNativeTarget "Domain" */ = {
			isa = XCConfigurationList;
			buildConfigurations = (
				435894511EF171F70093EB5C /* Debug */,
				435894521EF171F70093EB5C /* Release */,
			);
			defaultConfigurationIsVisible = 0;
		};
		435894561EF171F70093EB5C /* Build configuration list for PBXNativeTarget "DomainTests" */ = {
			isa = XCConfigurationList;
			buildConfigurations = (
				435894531EF171F70093EB5C /* Debug */,
				435894541EF171F70093EB5C /* Release */,
			);
			defaultConfigurationIsVisible = 0;
		};
		435894831EF174420093EB5C /* Build configuration list for PBXNativeTarget "Presentation" */ = {
			isa = XCConfigurationList;
			buildConfigurations = (
				435894841EF174420093EB5C /* Debug */,
				435894851EF174420093EB5C /* Release */,
			);
			defaultConfigurationIsVisible = 0;
		};
		435894861EF174420093EB5C /* Build configuration list for PBXNativeTarget "PresentationTests" */ = {
			isa = XCConfigurationList;
			buildConfigurations = (
				435894871EF174420093EB5C /* Debug */,
				435894881EF174420093EB5C /* Release */,
			);
			defaultConfigurationIsVisible = 0;
		};
/* End XCConfigurationList section */
	};
	rootObject = 02AABC111ECF53110074E9E8 /* Project object */;
}
