// !$*UTF8*$!
{
	archiveVersion = 1;
	classes = {
	};
	objectVersion = 46;
	objects = {

/* Begin PBXBuildFile section */
		02AABC1D1ECF53110074E9E8 /* AppDelegate.swift in Sources */ = {isa = PBXBuildFile; fileRef = 02AABC1C1ECF53110074E9E8 /* AppDelegate.swift */; };
		02AABC1F1ECF53110074E9E8 /* ViewController.swift in Sources */ = {isa = PBXBuildFile; fileRef = 02AABC1E1ECF53110074E9E8 /* ViewController.swift */; };
		02AABC221ECF53110074E9E8 /* Main.storyboard in Resources */ = {isa = PBXBuildFile; fileRef = 02AABC201ECF53110074E9E8 /* Main.storyboard */; };
		02AABC241ECF53110074E9E8 /* Assets.xcassets in Resources */ = {isa = PBXBuildFile; fileRef = 02AABC231ECF53110074E9E8 /* Assets.xcassets */; };
		02AABC271ECF53110074E9E8 /* LaunchScreen.storyboard in Resources */ = {isa = PBXBuildFile; fileRef = 02AABC251ECF53110074E9E8 /* LaunchScreen.storyboard */; };
		02AABC321ECF53110074E9E8 /* NewsAppTests.swift in Sources */ = {isa = PBXBuildFile; fileRef = 02AABC311ECF53110074E9E8 /* NewsAppTests.swift */; };
		238FE7CA79E116FB8EF0F1C0 /* Pods_NewsAppTests.framework in Frameworks */ = {isa = PBXBuildFile; fileRef = 80193C3E8AD4CD55B1B5E8BB /* Pods_NewsAppTests.framework */; };
		D1ADB36A16436F2B636E3396 /* Pods_NewsApp.framework in Frameworks */ = {isa = PBXBuildFile; fileRef = 76ABA6D92DE710E20758E9A2 /* Pods_NewsApp.framework */; };
/* End PBXBuildFile section */

/* Begin PBXContainerItemProxy section */
		02AABC2E1ECF53110074E9E8 /* PBXContainerItemProxy */ = {
			isa = PBXContainerItemProxy;
			containerPortal = 02AABC111ECF53110074E9E8 /* Project object */;
			proxyType = 1;
			remoteGlobalIDString = 02AABC181ECF53110074E9E8;
			remoteInfo = NewsApp;
		};
/* End PBXContainerItemProxy section */

/* Begin PBXFileReference section */
		02AABC191ECF53110074E9E8 /* NewsApp.app */ = {isa = PBXFileReference; explicitFileType = wrapper.application; includeInIndex = 0; path = NewsApp.app; sourceTree = BUILT_PRODUCTS_DIR; };
		02AABC1C1ECF53110074E9E8 /* AppDelegate.swift */ = {isa = PBXFileReference; lastKnownFileType = sourcecode.swift; path = AppDelegate.swift; sourceTree = "<group>"; };
		02AABC1E1ECF53110074E9E8 /* ViewController.swift */ = {isa = PBXFileReference; lastKnownFileType = sourcecode.swift; path = ViewController.swift; sourceTree = "<group>"; };
		02AABC211ECF53110074E9E8 /* Base */ = {isa = PBXFileReference; lastKnownFileType = file.storyboard; name = Base; path = Base.lproj/Main.storyboard; sourceTree = "<group>"; };
		02AABC231ECF53110074E9E8 /* Assets.xcassets */ = {isa = PBXFileReference; lastKnownFileType = folder.assetcatalog; path = Assets.xcassets; sourceTree = "<group>"; };
		02AABC261ECF53110074E9E8 /* Base */ = {isa = PBXFileReference; lastKnownFileType = file.storyboard; name = Base; path = Base.lproj/LaunchScreen.storyboard; sourceTree = "<group>"; };
		02AABC281ECF53110074E9E8 /* Info.plist */ = {isa = PBXFileReference; lastKnownFileType = text.plist.xml; path = Info.plist; sourceTree = "<group>"; };
		02AABC2D1ECF53110074E9E8 /* NewsAppTests.xctest */ = {isa = PBXFileReference; explicitFileType = wrapper.cfbundle; includeInIndex = 0; path = NewsAppTests.xctest; sourceTree = BUILT_PRODUCTS_DIR; };
		02AABC311ECF53110074E9E8 /* NewsAppTests.swift */ = {isa = PBXFileReference; lastKnownFileType = sourcecode.swift; path = NewsAppTests.swift; sourceTree = "<group>"; };
		02AABC331ECF53110074E9E8 /* Info.plist */ = {isa = PBXFileReference; lastKnownFileType = text.plist.xml; path = Info.plist; sourceTree = "<group>"; };
		29F8EAADB2167D899C134E54 /* Pods-NewsApp.debug.xcconfig */ = {isa = PBXFileReference; includeInIndex = 1; lastKnownFileType = text.xcconfig; name = "Pods-NewsApp.debug.xcconfig"; path = "Pods/Target Support Files/Pods-NewsApp/Pods-NewsApp.debug.xcconfig"; sourceTree = "<group>"; };
		4582AAEC81689D3A4764DAC3 /* Pods-NewsAppTests.debug.xcconfig */ = {isa = PBXFileReference; includeInIndex = 1; lastKnownFileType = text.xcconfig; name = "Pods-NewsAppTests.debug.xcconfig"; path = "Pods/Target Support Files/Pods-NewsAppTests/Pods-NewsAppTests.debug.xcconfig"; sourceTree = "<group>"; };
		57335832C0FB7A56CB5B5ED7 /* Pods-NewsApp.release.xcconfig */ = {isa = PBXFileReference; includeInIndex = 1; lastKnownFileType = text.xcconfig; name = "Pods-NewsApp.release.xcconfig"; path = "Pods/Target Support Files/Pods-NewsApp/Pods-NewsApp.release.xcconfig"; sourceTree = "<group>"; };
		76ABA6D92DE710E20758E9A2 /* Pods_NewsApp.framework */ = {isa = PBXFileReference; explicitFileType = wrapper.framework; includeInIndex = 0; path = Pods_NewsApp.framework; sourceTree = BUILT_PRODUCTS_DIR; };
		7F9DABB4DA820861A511A101 /* Pods-NewsAppTests.release.xcconfig */ = {isa = PBXFileReference; includeInIndex = 1; lastKnownFileType = text.xcconfig; name = "Pods-NewsAppTests.release.xcconfig"; path = "Pods/Target Support Files/Pods-NewsAppTests/Pods-NewsAppTests.release.xcconfig"; sourceTree = "<group>"; };
		80193C3E8AD4CD55B1B5E8BB /* Pods_NewsAppTests.framework */ = {isa = PBXFileReference; explicitFileType = wrapper.framework; includeInIndex = 0; path = Pods_NewsAppTests.framework; sourceTree = BUILT_PRODUCTS_DIR; };
/* End PBXFileReference section */

/* Begin PBXFrameworksBuildPhase section */
		02AABC161ECF53110074E9E8 /* Frameworks */ = {
			isa = PBXFrameworksBuildPhase;
			buildActionMask = 2147483647;
			files = (
				D1ADB36A16436F2B636E3396 /* Pods_NewsApp.framework in Frameworks */,
			);
			runOnlyForDeploymentPostprocessing = 0;
		};
		02AABC2A1ECF53110074E9E8 /* Frameworks */ = {
			isa = PBXFrameworksBuildPhase;
			buildActionMask = 2147483647;
			files = (
				238FE7CA79E116FB8EF0F1C0 /* Pods_NewsAppTests.framework in Frameworks */,
			);
			runOnlyForDeploymentPostprocessing = 0;
		};
/* End PBXFrameworksBuildPhase section */

/* Begin PBXGroup section */
		02AABC101ECF53110074E9E8 = {
			isa = PBXGroup;
			children = (
				02AABC1B1ECF53110074E9E8 /* NewsApp */,
				02AABC301ECF53110074E9E8 /* NewsAppTests */,
				02AABC1A1ECF53110074E9E8 /* Products */,
				A39D8286FC4AF324A2ADF974 /* Pods */,
				B9E881B312DB135C4FB0151D /* Frameworks */,
			);
			sourceTree = "<group>";
		};
		02AABC1A1ECF53110074E9E8 /* Products */ = {
			isa = PBXGroup;
			children = (
				02AABC191ECF53110074E9E8 /* NewsApp.app */,
				02AABC2D1ECF53110074E9E8 /* NewsAppTests.xctest */,
			);
			name = Products;
			sourceTree = "<group>";
		};
		02AABC1B1ECF53110074E9E8 /* NewsApp */ = {
			isa = PBXGroup;
			children = (
				02AABC1C1ECF53110074E9E8 /* AppDelegate.swift */,
				02AABC1E1ECF53110074E9E8 /* ViewController.swift */,
				02AABC201ECF53110074E9E8 /* Main.storyboard */,
				02AABC231ECF53110074E9E8 /* Assets.xcassets */,
				02AABC251ECF53110074E9E8 /* LaunchScreen.storyboard */,
				02AABC281ECF53110074E9E8 /* Info.plist */,
			);
			path = NewsApp;
			sourceTree = "<group>";
		};
		02AABC301ECF53110074E9E8 /* NewsAppTests */ = {
			isa = PBXGroup;
			children = (
				02AABC311ECF53110074E9E8 /* NewsAppTests.swift */,
				02AABC331ECF53110074E9E8 /* Info.plist */,
			);
			path = NewsAppTests;
			sourceTree = "<group>";
		};
		A39D8286FC4AF324A2ADF974 /* Pods */ = {
			isa = PBXGroup;
			children = (
				29F8EAADB2167D899C134E54 /* Pods-NewsApp.debug.xcconfig */,
				57335832C0FB7A56CB5B5ED7 /* Pods-NewsApp.release.xcconfig */,
				4582AAEC81689D3A4764DAC3 /* Pods-NewsAppTests.debug.xcconfig */,
				7F9DABB4DA820861A511A101 /* Pods-NewsAppTests.release.xcconfig */,
			);
			name = Pods;
			sourceTree = "<group>";
		};
		B9E881B312DB135C4FB0151D /* Frameworks */ = {
			isa = PBXGroup;
			children = (
				76ABA6D92DE710E20758E9A2 /* Pods_NewsApp.framework */,
				80193C3E8AD4CD55B1B5E8BB /* Pods_NewsAppTests.framework */,
			);
			name = Frameworks;
			sourceTree = "<group>";
		};
/* End PBXGroup section */

/* Begin PBXNativeTarget section */
		02AABC181ECF53110074E9E8 /* NewsApp */ = {
			isa = PBXNativeTarget;
			buildConfigurationList = 02AABC361ECF53110074E9E8 /* Build configuration list for PBXNativeTarget "NewsApp" */;
			buildPhases = (
				AA7E73A79AC3A0164C812773 /* [CP] Check Pods Manifest.lock */,
				02AABC151ECF53110074E9E8 /* Sources */,
				02AABC161ECF53110074E9E8 /* Frameworks */,
				02AABC171ECF53110074E9E8 /* Resources */,
				ACD6ABCC619E4E7AE0CA7BDA /* [CP] Embed Pods Frameworks */,
				C2BD58DC5FFB8FC9E6BC9B99 /* [CP] Copy Pods Resources */,
			);
			buildRules = (
			);
			dependencies = (
			);
			name = NewsApp;
			productName = NewsApp;
			productReference = 02AABC191ECF53110074E9E8 /* NewsApp.app */;
			productType = "com.apple.product-type.application";
		};
		02AABC2C1ECF53110074E9E8 /* NewsAppTests */ = {
			isa = PBXNativeTarget;
			buildConfigurationList = 02AABC391ECF53110074E9E8 /* Build configuration list for PBXNativeTarget "NewsAppTests" */;
			buildPhases = (
				422DF8B5E100B415C7385212 /* [CP] Check Pods Manifest.lock */,
				02AABC291ECF53110074E9E8 /* Sources */,
				02AABC2A1ECF53110074E9E8 /* Frameworks */,
				02AABC2B1ECF53110074E9E8 /* Resources */,
				C44A31AA6036163B9300806B /* [CP] Embed Pods Frameworks */,
				C4DF7C31675864BBA6EB7614 /* [CP] Copy Pods Resources */,
			);
			buildRules = (
			);
			dependencies = (
				02AABC2F1ECF53110074E9E8 /* PBXTargetDependency */,
			);
			name = NewsAppTests;
			productName = NewsAppTests;
			productReference = 02AABC2D1ECF53110074E9E8 /* NewsAppTests.xctest */;
			productType = "com.apple.product-type.bundle.unit-test";
		};
/* End PBXNativeTarget section */

/* Begin PBXProject section */
		02AABC111ECF53110074E9E8 /* Project object */ = {
			isa = PBXProject;
			attributes = {
				LastSwiftUpdateCheck = 0830;
				LastUpgradeCheck = 0830;
				ORGANIZATIONNAME = "Ryoichi Hara";
				TargetAttributes = {
					02AABC181ECF53110074E9E8 = {
						CreatedOnToolsVersion = 8.3.2;
						DevelopmentTeam = 9Y6KN5AA6R;
						ProvisioningStyle = Automatic;
					};
					02AABC2C1ECF53110074E9E8 = {
						CreatedOnToolsVersion = 8.3.2;
						DevelopmentTeam = 9Y6KN5AA6R;
						ProvisioningStyle = Automatic;
						TestTargetID = 02AABC181ECF53110074E9E8;
					};
				};
			};
			buildConfigurationList = 02AABC141ECF53110074E9E8 /* Build configuration list for PBXProject "NewsApp" */;
			compatibilityVersion = "Xcode 3.2";
			developmentRegion = English;
			hasScannedForEncodings = 0;
			knownRegions = (
				en,
				Base,
			);
			mainGroup = 02AABC101ECF53110074E9E8;
			productRefGroup = 02AABC1A1ECF53110074E9E8 /* Products */;
			projectDirPath = "";
			projectRoot = "";
			targets = (
				02AABC181ECF53110074E9E8 /* NewsApp */,
				02AABC2C1ECF53110074E9E8 /* NewsAppTests */,
			);
		};
/* End PBXProject section */

/* Begin PBXResourcesBuildPhase section */
		02AABC171ECF53110074E9E8 /* Resources */ = {
			isa = PBXResourcesBuildPhase;
			buildActionMask = 2147483647;
			files = (
				02AABC271ECF53110074E9E8 /* LaunchScreen.storyboard in Resources */,
				02AABC241ECF53110074E9E8 /* Assets.xcassets in Resources */,
				02AABC221ECF53110074E9E8 /* Main.storyboard in Resources */,
			);
			runOnlyForDeploymentPostprocessing = 0;
		};
		02AABC2B1ECF53110074E9E8 /* Resources */ = {
			isa = PBXResourcesBuildPhase;
			buildActionMask = 2147483647;
			files = (
			);
			runOnlyForDeploymentPostprocessing = 0;
		};
/* End PBXResourcesBuildPhase section */

/* Begin PBXShellScriptBuildPhase section */
		422DF8B5E100B415C7385212 /* [CP] Check Pods Manifest.lock */ = {
			isa = PBXShellScriptBuildPhase;
			buildActionMask = 2147483647;
			files = (
			);
			inputPaths = (
			);
			name = "[CP] Check Pods Manifest.lock";
			outputPaths = (
			);
			runOnlyForDeploymentPostprocessing = 0;
			shellPath = /bin/sh;
			shellScript = "diff \"${PODS_PODFILE_DIR_PATH}/Podfile.lock\" \"${PODS_ROOT}/Manifest.lock\" > /dev/null\nif [ $? != 0 ] ; then\n    # print error to STDERR\n    echo \"error: The sandbox is not in sync with the Podfile.lock. Run 'pod install' or update your CocoaPods installation.\" >&2\n    exit 1\nfi\n";
			showEnvVarsInLog = 0;
		};
		AA7E73A79AC3A0164C812773 /* [CP] Check Pods Manifest.lock */ = {
			isa = PBXShellScriptBuildPhase;
			buildActionMask = 2147483647;
			files = (
			);
			inputPaths = (
			);
			name = "[CP] Check Pods Manifest.lock";
			outputPaths = (
			);
			runOnlyForDeploymentPostprocessing = 0;
			shellPath = /bin/sh;
			shellScript = "diff \"${PODS_PODFILE_DIR_PATH}/Podfile.lock\" \"${PODS_ROOT}/Manifest.lock\" > /dev/null\nif [ $? != 0 ] ; then\n    # print error to STDERR\n    echo \"error: The sandbox is not in sync with the Podfile.lock. Run 'pod install' or update your CocoaPods installation.\" >&2\n    exit 1\nfi\n";
			showEnvVarsInLog = 0;
		};
		ACD6ABCC619E4E7AE0CA7BDA /* [CP] Embed Pods Frameworks */ = {
			isa = PBXShellScriptBuildPhase;
			buildActionMask = 2147483647;
			files = (
			);
			inputPaths = (
			);
			name = "[CP] Embed Pods Frameworks";
			outputPaths = (
			);
			runOnlyForDeploymentPostprocessing = 0;
			shellPath = /bin/sh;
			shellScript = "\"${SRCROOT}/Pods/Target Support Files/Pods-NewsApp/Pods-NewsApp-frameworks.sh\"\n";
			showEnvVarsInLog = 0;
		};
		C2BD58DC5FFB8FC9E6BC9B99 /* [CP] Copy Pods Resources */ = {
			isa = PBXShellScriptBuildPhase;
			buildActionMask = 2147483647;
			files = (
			);
			inputPaths = (
			);
			name = "[CP] Copy Pods Resources";
			outputPaths = (
			);
			runOnlyForDeploymentPostprocessing = 0;
			shellPath = /bin/sh;
			shellScript = "\"${SRCROOT}/Pods/Target Support Files/Pods-NewsApp/Pods-NewsApp-resources.sh\"\n";
			showEnvVarsInLog = 0;
		};
		C44A31AA6036163B9300806B /* [CP] Embed Pods Frameworks */ = {
			isa = PBXShellScriptBuildPhase;
			buildActionMask = 2147483647;
			files = (
			);
			inputPaths = (
			);
			name = "[CP] Embed Pods Frameworks";
			outputPaths = (
			);
			runOnlyForDeploymentPostprocessing = 0;
			shellPath = /bin/sh;
			shellScript = "\"${SRCROOT}/Pods/Target Support Files/Pods-NewsAppTests/Pods-NewsAppTests-frameworks.sh\"\n";
			showEnvVarsInLog = 0;
		};
		C4DF7C31675864BBA6EB7614 /* [CP] Copy Pods Resources */ = {
			isa = PBXShellScriptBuildPhase;
			buildActionMask = 2147483647;
			files = (
			);
			inputPaths = (
			);
			name = "[CP] Copy Pods Resources";
			outputPaths = (
			);
			runOnlyForDeploymentPostprocessing = 0;
			shellPath = /bin/sh;
			shellScript = "\"${SRCROOT}/Pods/Target Support Files/Pods-NewsAppTests/Pods-NewsAppTests-resources.sh\"\n";
			showEnvVarsInLog = 0;
		};
/* End PBXShellScriptBuildPhase section */

/* Begin PBXSourcesBuildPhase section */
		02AABC151ECF53110074E9E8 /* Sources */ = {
			isa = PBXSourcesBuildPhase;
			buildActionMask = 2147483647;
			files = (
				02AABC1F1ECF53110074E9E8 /* ViewController.swift in Sources */,
				02AABC1D1ECF53110074E9E8 /* AppDelegate.swift in Sources */,
			);
			runOnlyForDeploymentPostprocessing = 0;
		};
		02AABC291ECF53110074E9E8 /* Sources */ = {
			isa = PBXSourcesBuildPhase;
			buildActionMask = 2147483647;
			files = (
				02AABC321ECF53110074E9E8 /* NewsAppTests.swift in Sources */,
			);
			runOnlyForDeploymentPostprocessing = 0;
		};
/* End PBXSourcesBuildPhase section */

/* Begin PBXTargetDependency section */
		02AABC2F1ECF53110074E9E8 /* PBXTargetDependency */ = {
			isa = PBXTargetDependency;
			target = 02AABC181ECF53110074E9E8 /* NewsApp */;
			targetProxy = 02AABC2E1ECF53110074E9E8 /* PBXContainerItemProxy */;
		};
/* End PBXTargetDependency section */

/* Begin PBXVariantGroup section */
		02AABC201ECF53110074E9E8 /* Main.storyboard */ = {
			isa = PBXVariantGroup;
			children = (
				02AABC211ECF53110074E9E8 /* Base */,
			);
			name = Main.storyboard;
			sourceTree = "<group>";
		};
		02AABC251ECF53110074E9E8 /* LaunchScreen.storyboard */ = {
			isa = PBXVariantGroup;
			children = (
				02AABC261ECF53110074E9E8 /* Base */,
			);
			name = LaunchScreen.storyboard;
			sourceTree = "<group>";
		};
/* End PBXVariantGroup section */

/* Begin XCBuildConfiguration section */
		02AABC341ECF53110074E9E8 /* Debug */ = {
			isa = XCBuildConfiguration;
			buildSettings = {
				ALWAYS_SEARCH_USER_PATHS = NO;
				CLANG_ANALYZER_NONNULL = YES;
				CLANG_ANALYZER_NUMBER_OBJECT_CONVERSION = YES_AGGRESSIVE;
				CLANG_CXX_LANGUAGE_STANDARD = "gnu++0x";
				CLANG_CXX_LIBRARY = "libc++";
				CLANG_ENABLE_MODULES = YES;
				CLANG_ENABLE_OBJC_ARC = YES;
				CLANG_WARN_BOOL_CONVERSION = YES;
				CLANG_WARN_CONSTANT_CONVERSION = YES;
				CLANG_WARN_DIRECT_OBJC_ISA_USAGE = YES_ERROR;
				CLANG_WARN_DOCUMENTATION_COMMENTS = YES;
				CLANG_WARN_EMPTY_BODY = YES;
				CLANG_WARN_ENUM_CONVERSION = YES;
				CLANG_WARN_INFINITE_RECURSION = YES;
				CLANG_WARN_INT_CONVERSION = YES;
				CLANG_WARN_OBJC_ROOT_CLASS = YES_ERROR;
				CLANG_WARN_SUSPICIOUS_MOVE = YES;
				CLANG_WARN_UNREACHABLE_CODE = YES;
				CLANG_WARN__DUPLICATE_METHOD_MATCH = YES;
				"CODE_SIGN_IDENTITY[sdk=iphoneos*]" = "iPhone Developer";
				COPY_PHASE_STRIP = NO;
				DEBUG_INFORMATION_FORMAT = dwarf;
				ENABLE_STRICT_OBJC_MSGSEND = YES;
				ENABLE_TESTABILITY = YES;
				GCC_C_LANGUAGE_STANDARD = gnu99;
				GCC_DYNAMIC_NO_PIC = NO;
				GCC_NO_COMMON_BLOCKS = YES;
				GCC_OPTIMIZATION_LEVEL = 0;
				GCC_PREPROCESSOR_DEFINITIONS = (
					"DEBUG=1",
					"$(inherited)",
				);
				GCC_WARN_64_TO_32_BIT_CONVERSION = YES;
				GCC_WARN_ABOUT_RETURN_TYPE = YES_ERROR;
				GCC_WARN_UNDECLARED_SELECTOR = YES;
				GCC_WARN_UNINITIALIZED_AUTOS = YES_AGGRESSIVE;
				GCC_WARN_UNUSED_FUNCTION = YES;
				GCC_WARN_UNUSED_VARIABLE = YES;
				IPHONEOS_DEPLOYMENT_TARGET = 10.0;
				MTL_ENABLE_DEBUG_INFO = YES;
				ONLY_ACTIVE_ARCH = YES;
				SDKROOT = iphoneos;
				SWIFT_ACTIVE_COMPILATION_CONDITIONS = DEBUG;
				SWIFT_OPTIMIZATION_LEVEL = "-Onone";
				TARGETED_DEVICE_FAMILY = "1,2";
			};
			name = Debug;
		};
		02AABC351ECF53110074E9E8 /* Release */ = {
			isa = XCBuildConfiguration;
			buildSettings = {
				ALWAYS_SEARCH_USER_PATHS = NO;
				CLANG_ANALYZER_NONNULL = YES;
				CLANG_ANALYZER_NUMBER_OBJECT_CONVERSION = YES_AGGRESSIVE;
				CLANG_CXX_LANGUAGE_STANDARD = "gnu++0x";
				CLANG_CXX_LIBRARY = "libc++";
				CLANG_ENABLE_MODULES = YES;
				CLANG_ENABLE_OBJC_ARC = YES;
				CLANG_WARN_BOOL_CONVERSION = YES;
				CLANG_WARN_CONSTANT_CONVERSION = YES;
				CLANG_WARN_DIRECT_OBJC_ISA_USAGE = YES_ERROR;
				CLANG_WARN_DOCUMENTATION_COMMENTS = YES;
				CLANG_WARN_EMPTY_BODY = YES;
				CLANG_WARN_ENUM_CONVERSION = YES;
				CLANG_WARN_INFINITE_RECURSION = YES;
				CLANG_WARN_INT_CONVERSION = YES;
				CLANG_WARN_OBJC_ROOT_CLASS = YES_ERROR;
				CLANG_WARN_SUSPICIOUS_MOVE = YES;
				CLANG_WARN_UNREACHABLE_CODE = YES;
				CLANG_WARN__DUPLICATE_METHOD_MATCH = YES;
				"CODE_SIGN_IDENTITY[sdk=iphoneos*]" = "iPhone Developer";
				COPY_PHASE_STRIP = NO;
				DEBUG_INFORMATION_FORMAT = "dwarf-with-dsym";
				ENABLE_NS_ASSERTIONS = NO;
				ENABLE_STRICT_OBJC_MSGSEND = YES;
				GCC_C_LANGUAGE_STANDARD = gnu99;
				GCC_NO_COMMON_BLOCKS = YES;
				GCC_WARN_64_TO_32_BIT_CONVERSION = YES;
				GCC_WARN_ABOUT_RETURN_TYPE = YES_ERROR;
				GCC_WARN_UNDECLARED_SELECTOR = YES;
				GCC_WARN_UNINITIALIZED_AUTOS = YES_AGGRESSIVE;
				GCC_WARN_UNUSED_FUNCTION = YES;
				GCC_WARN_UNUSED_VARIABLE = YES;
				IPHONEOS_DEPLOYMENT_TARGET = 10.0;
				MTL_ENABLE_DEBUG_INFO = NO;
				SDKROOT = iphoneos;
				SWIFT_OPTIMIZATION_LEVEL = "-Owholemodule";
				TARGETED_DEVICE_FAMILY = "1,2";
				VALIDATE_PRODUCT = YES;
			};
			name = Release;
		};
		02AABC371ECF53110074E9E8 /* Debug */ = {
			isa = XCBuildConfiguration;
			baseConfigurationReference = 29F8EAADB2167D899C134E54 /* Pods-NewsApp.debug.xcconfig */;
			buildSettings = {
				ASSETCATALOG_COMPILER_APPICON_NAME = AppIcon;
				DEVELOPMENT_TEAM = 9Y6KN5AA6R;
				INFOPLIST_FILE = NewsApp/Info.plist;
				LD_RUNPATH_SEARCH_PATHS = "$(inherited) @executable_path/Frameworks";
				PRODUCT_BUNDLE_IDENTIFIER = com.rychhr.NewsApp;
				PRODUCT_NAME = "$(TARGET_NAME)";
				SWIFT_VERSION = 3.0;
			};
			name = Debug;
		};
		02AABC381ECF53110074E9E8 /* Release */ = {
			isa = XCBuildConfiguration;
			baseConfigurationReference = 57335832C0FB7A56CB5B5ED7 /* Pods-NewsApp.release.xcconfig */;
			buildSettings = {
				ASSETCATALOG_COMPILER_APPICON_NAME = AppIcon;
				DEVELOPMENT_TEAM = 9Y6KN5AA6R;
				INFOPLIST_FILE = NewsApp/Info.plist;
				LD_RUNPATH_SEARCH_PATHS = "$(inherited) @executable_path/Frameworks";
				PRODUCT_BUNDLE_IDENTIFIER = com.rychhr.NewsApp;
				PRODUCT_NAME = "$(TARGET_NAME)";
				SWIFT_VERSION = 3.0;
			};
			name = Release;
		};
		02AABC3A1ECF53110074E9E8 /* Debug */ = {
			isa = XCBuildConfiguration;
			baseConfigurationReference = 4582AAEC81689D3A4764DAC3 /* Pods-NewsAppTests.debug.xcconfig */;
			buildSettings = {
				ALWAYS_EMBED_SWIFT_STANDARD_LIBRARIES = YES;
				BUNDLE_LOADER = "$(TEST_HOST)";
				DEVELOPMENT_TEAM = 9Y6KN5AA6R;
				INFOPLIST_FILE = NewsAppTests/Info.plist;
				LD_RUNPATH_SEARCH_PATHS = "$(inherited) @executable_path/Frameworks @loader_path/Frameworks";
				PRODUCT_BUNDLE_IDENTIFIER = com.rychhr.NewsAppTests;
				PRODUCT_NAME = "$(TARGET_NAME)";
				SWIFT_VERSION = 3.0;
				TEST_HOST = "$(BUILT_PRODUCTS_DIR)/NewsApp.app/NewsApp";
			};
			name = Debug;
		};
		02AABC3B1ECF53110074E9E8 /* Release */ = {
			isa = XCBuildConfiguration;
			baseConfigurationReference = 7F9DABB4DA820861A511A101 /* Pods-NewsAppTests.release.xcconfig */;
			buildSettings = {
				ALWAYS_EMBED_SWIFT_STANDARD_LIBRARIES = YES;
				BUNDLE_LOADER = "$(TEST_HOST)";
				DEVELOPMENT_TEAM = 9Y6KN5AA6R;
				INFOPLIST_FILE = NewsAppTests/Info.plist;
				LD_RUNPATH_SEARCH_PATHS = "$(inherited) @executable_path/Frameworks @loader_path/Frameworks";
				PRODUCT_BUNDLE_IDENTIFIER = com.rychhr.NewsAppTests;
				PRODUCT_NAME = "$(TARGET_NAME)";
				SWIFT_VERSION = 3.0;
				TEST_HOST = "$(BUILT_PRODUCTS_DIR)/NewsApp.app/NewsApp";
			};
			name = Release;
		};
/* End XCBuildConfiguration section */

/* Begin XCConfigurationList section */
		02AABC141ECF53110074E9E8 /* Build configuration list for PBXProject "NewsApp" */ = {
			isa = XCConfigurationList;
			buildConfigurations = (
				02AABC341ECF53110074E9E8 /* Debug */,
				02AABC351ECF53110074E9E8 /* Release */,
			);
			defaultConfigurationIsVisible = 0;
			defaultConfigurationName = Release;
		};
		02AABC361ECF53110074E9E8 /* Build configuration list for PBXNativeTarget "NewsApp" */ = {
			isa = XCConfigurationList;
			buildConfigurations = (
				02AABC371ECF53110074E9E8 /* Debug */,
				02AABC381ECF53110074E9E8 /* Release */,
			);
			defaultConfigurationIsVisible = 0;
			defaultConfigurationName = Release;
		};
		02AABC391ECF53110074E9E8 /* Build configuration list for PBXNativeTarget "NewsAppTests" */ = {
			isa = XCConfigurationList;
			buildConfigurations = (
				02AABC3A1ECF53110074E9E8 /* Debug */,
				02AABC3B1ECF53110074E9E8 /* Release */,
			);
			defaultConfigurationIsVisible = 0;
			defaultConfigurationName = Release;
		};
/* End XCConfigurationList section */
	};
	rootObject = 02AABC111ECF53110074E9E8 /* Project object */;
}
